// !$*UTF8*$!
{
	archiveVersion = 1;
	classes = {
	};
	objectVersion = 46;
	objects = {

/* Begin PBXBuildFile section */
		DE07428C14F0441500439550 /* Accelerate.framework in Frameworks */ = {isa = PBXBuildFile; fileRef = DE07428B14F0441500439550 /* Accelerate.framework */; };
		DE0D6C8A15AB4E100040318C /* Space4.jpg in Resources */ = {isa = PBXBuildFile; fileRef = DE0D6C8815AB4E100040318C /* Space4.jpg */; };
		DE0D6C8B15AB4E100040318C /* Space4.jpg in Resources */ = {isa = PBXBuildFile; fileRef = DE0D6C8815AB4E100040318C /* Space4.jpg */; };
		DE0D6C8C15AB4E100040318C /* Space4.jpg in Resources */ = {isa = PBXBuildFile; fileRef = DE0D6C8815AB4E100040318C /* Space4.jpg */; };
		DE0D6C8D15AB4E100040318C /* Space4.jpg in Resources */ = {isa = PBXBuildFile; fileRef = DE0D6C8815AB4E100040318C /* Space4.jpg */; };
		DE0D6C8E15AB4E100040318C /* Space5.jpg in Resources */ = {isa = PBXBuildFile; fileRef = DE0D6C8915AB4E100040318C /* Space5.jpg */; };
		DE0D6C8F15AB4E100040318C /* Space5.jpg in Resources */ = {isa = PBXBuildFile; fileRef = DE0D6C8915AB4E100040318C /* Space5.jpg */; };
		DE0D6C9015AB4E100040318C /* Space5.jpg in Resources */ = {isa = PBXBuildFile; fileRef = DE0D6C8915AB4E100040318C /* Space5.jpg */; };
		DE0D6C9115AB4E100040318C /* Space5.jpg in Resources */ = {isa = PBXBuildFile; fileRef = DE0D6C8915AB4E100040318C /* Space5.jpg */; };
		DE111437159E0138004D2459 /* Space6.jpg in Resources */ = {isa = PBXBuildFile; fileRef = DE111436159E0138004D2459 /* Space6.jpg */; };
		DE111438159E0138004D2459 /* Space6.jpg in Resources */ = {isa = PBXBuildFile; fileRef = DE111436159E0138004D2459 /* Space6.jpg */; };
		DE111439159E0138004D2459 /* Space6.jpg in Resources */ = {isa = PBXBuildFile; fileRef = DE111436159E0138004D2459 /* Space6.jpg */; };
		DE11143A159E0138004D2459 /* Space6.jpg in Resources */ = {isa = PBXBuildFile; fileRef = DE111436159E0138004D2459 /* Space6.jpg */; };
		DE3EC281151CC50300921348 /* main.m in Sources */ = {isa = PBXBuildFile; fileRef = DE4AD93D14DC783D00D63E5A /* main.m */; };
		DE3EC282151CC50300921348 /* AppDelegate.m in Sources */ = {isa = PBXBuildFile; fileRef = DE4AD94114DC783D00D63E5A /* AppDelegate.m */; };
		DE3EC283151CC50300921348 /* ViewController.m in Sources */ = {isa = PBXBuildFile; fileRef = DE4AD94414DC783D00D63E5A /* ViewController.m */; };
		DE3EC284151CC50300921348 /* ImageScrollView.m in Sources */ = {isa = PBXBuildFile; fileRef = DE4AD95314DC788F00D63E5A /* ImageScrollView.m */; };
		DE3EC285151CC50300921348 /* PhotoViewController.m in Sources */ = {isa = PBXBuildFile; fileRef = DE4AD95514DC788F00D63E5A /* PhotoViewController.m */; };
		DE3EC286151CC50300921348 /* TiledImageBuilder.m in Sources */ = {isa = PBXBuildFile; fileRef = DE4AD95814DC788F00D63E5A /* TiledImageBuilder.m */; };
		DE3EC287151CC50300921348 /* TilingView.m in Sources */ = {isa = PBXBuildFile; fileRef = DE4AD95A14DC788F00D63E5A /* TilingView.m */; };
		DE3EC28A151CC50300921348 /* ImageIO.framework in Frameworks */ = {isa = PBXBuildFile; fileRef = DE4AD99F14DC7AF800D63E5A /* ImageIO.framework */; };
		DE3EC28B151CC50300921348 /* QuartzCore.framework in Frameworks */ = {isa = PBXBuildFile; fileRef = DE4AD9A014DC7AF800D63E5A /* QuartzCore.framework */; };
		DE3EC28C151CC50300921348 /* UIKit.framework in Frameworks */ = {isa = PBXBuildFile; fileRef = DE4AD93114DC783D00D63E5A /* UIKit.framework */; };
		DE3EC28D151CC50300921348 /* Foundation.framework in Frameworks */ = {isa = PBXBuildFile; fileRef = DE4AD93314DC783D00D63E5A /* Foundation.framework */; };
		DE3EC28E151CC50300921348 /* CoreGraphics.framework in Frameworks */ = {isa = PBXBuildFile; fileRef = DE4AD93514DC783D00D63E5A /* CoreGraphics.framework */; };
		DE3EC290151CC50300921348 /* InfoPlist.strings in Resources */ = {isa = PBXBuildFile; fileRef = DE4AD93A14DC783D00D63E5A /* InfoPlist.strings */; };
		DE3EC292151CC50300921348 /* SaveMe.txt in Resources */ = {isa = PBXBuildFile; fileRef = DE4AD95614DC788F00D63E5A /* SaveMe.txt */; };
		DE3EC293151CC50300921348 /* ImageData.plist in Resources */ = {isa = PBXBuildFile; fileRef = DE4AD95F14DC788F00D63E5A /* ImageData.plist */; };
		DE3EC294151CC50300921348 /* Default.png in Resources */ = {isa = PBXBuildFile; fileRef = DE4AD96114DC788F00D63E5A /* Default.png */; };
		DE3EC295151CC50300921348 /* Lake.jpg in Resources */ = {isa = PBXBuildFile; fileRef = DE4AD96414DC788F00D63E5A /* Lake.jpg */; };
		DE3EC296151CC50300921348 /* Shed.jpg in Resources */ = {isa = PBXBuildFile; fileRef = DE4AD96714DC788F00D63E5A /* Shed.jpg */; };
		DE3EC297151CC50300921348 /* Tree.jpg in Resources */ = {isa = PBXBuildFile; fileRef = DE4AD96A14DC788F00D63E5A /* Tree.jpg */; };
		DE3EC298151CC50300921348 /* Icon-72.png in Resources */ = {isa = PBXBuildFile; fileRef = DE4AD96B14DC788F00D63E5A /* Icon-72.png */; };
		DE3EC299151CC50300921348 /* Icon-Small-50.png in Resources */ = {isa = PBXBuildFile; fileRef = DE4AD96C14DC788F00D63E5A /* Icon-Small-50.png */; };
		DE3EC29A151CC50300921348 /* Icon-Small.png in Resources */ = {isa = PBXBuildFile; fileRef = DE4AD96D14DC788F00D63E5A /* Icon-Small.png */; };
		DE3EC29B151CC50300921348 /* Icon-Small@2x.png in Resources */ = {isa = PBXBuildFile; fileRef = DE4AD96E14DC788F00D63E5A /* Icon-Small@2x.png */; };
		DE3EC29C151CC50300921348 /* Icon.png in Resources */ = {isa = PBXBuildFile; fileRef = DE4AD96F14DC788F00D63E5A /* Icon.png */; };
		DE3EC29D151CC50300921348 /* Icon@2x.png in Resources */ = {isa = PBXBuildFile; fileRef = DE4AD97014DC788F00D63E5A /* Icon@2x.png */; };
		DE3EC29E151CC50300921348 /* iTunesArtwork in Resources */ = {isa = PBXBuildFile; fileRef = DE4AD97114DC788F00D63E5A /* iTunesArtwork */; };
		DE3EC29F151CC50300921348 /* ReadMe.txt in Resources */ = {isa = PBXBuildFile; fileRef = DE4AD97914DC788F00D63E5A /* ReadMe.txt */; };
		DE3EC2AE151CC50300921348 /* ViewController~ipad.xib in Resources */ = {isa = PBXBuildFile; fileRef = DE3EC2AA151CC50300921348 /* ViewController~ipad.xib */; };
		DE3EC2AF151CC50300921348 /* PhotoViewController~ipad.xib in Resources */ = {isa = PBXBuildFile; fileRef = DE3EC2AC151CC50300921348 /* PhotoViewController~ipad.xib */; };
		DE3EC2B2151CC50D00921348 /* main.m in Sources */ = {isa = PBXBuildFile; fileRef = DE4AD93D14DC783D00D63E5A /* main.m */; };
		DE3EC2B3151CC50D00921348 /* AppDelegate.m in Sources */ = {isa = PBXBuildFile; fileRef = DE4AD94114DC783D00D63E5A /* AppDelegate.m */; };
		DE3EC2B4151CC50D00921348 /* ViewController.m in Sources */ = {isa = PBXBuildFile; fileRef = DE4AD94414DC783D00D63E5A /* ViewController.m */; };
		DE3EC2B5151CC50D00921348 /* ImageScrollView.m in Sources */ = {isa = PBXBuildFile; fileRef = DE4AD95314DC788F00D63E5A /* ImageScrollView.m */; };
		DE3EC2B6151CC50D00921348 /* PhotoViewController.m in Sources */ = {isa = PBXBuildFile; fileRef = DE4AD95514DC788F00D63E5A /* PhotoViewController.m */; };
		DE3EC2B7151CC50D00921348 /* TiledImageBuilder.m in Sources */ = {isa = PBXBuildFile; fileRef = DE4AD95814DC788F00D63E5A /* TiledImageBuilder.m */; };
		DE3EC2B8151CC50D00921348 /* TilingView.m in Sources */ = {isa = PBXBuildFile; fileRef = DE4AD95A14DC788F00D63E5A /* TilingView.m */; };
		DE3EC2BB151CC50D00921348 /* Accelerate.framework in Frameworks */ = {isa = PBXBuildFile; fileRef = DE07428B14F0441500439550 /* Accelerate.framework */; };
		DE3EC2BC151CC50D00921348 /* ImageIO.framework in Frameworks */ = {isa = PBXBuildFile; fileRef = DE4AD99F14DC7AF800D63E5A /* ImageIO.framework */; };
		DE3EC2BD151CC50D00921348 /* QuartzCore.framework in Frameworks */ = {isa = PBXBuildFile; fileRef = DE4AD9A014DC7AF800D63E5A /* QuartzCore.framework */; };
		DE3EC2BE151CC50D00921348 /* UIKit.framework in Frameworks */ = {isa = PBXBuildFile; fileRef = DE4AD93114DC783D00D63E5A /* UIKit.framework */; };
		DE3EC2BF151CC50D00921348 /* Foundation.framework in Frameworks */ = {isa = PBXBuildFile; fileRef = DE4AD93314DC783D00D63E5A /* Foundation.framework */; };
		DE3EC2C0151CC50D00921348 /* CoreGraphics.framework in Frameworks */ = {isa = PBXBuildFile; fileRef = DE4AD93514DC783D00D63E5A /* CoreGraphics.framework */; };
		DE3EC2C2151CC50D00921348 /* InfoPlist.strings in Resources */ = {isa = PBXBuildFile; fileRef = DE4AD93A14DC783D00D63E5A /* InfoPlist.strings */; };
		DE3EC2C4151CC50D00921348 /* SaveMe.txt in Resources */ = {isa = PBXBuildFile; fileRef = DE4AD95614DC788F00D63E5A /* SaveMe.txt */; };
		DE3EC2C5151CC50D00921348 /* ImageData.plist in Resources */ = {isa = PBXBuildFile; fileRef = DE4AD95F14DC788F00D63E5A /* ImageData.plist */; };
		DE3EC2C6151CC50D00921348 /* Default.png in Resources */ = {isa = PBXBuildFile; fileRef = DE4AD96114DC788F00D63E5A /* Default.png */; };
		DE3EC2C7151CC50D00921348 /* Lake.jpg in Resources */ = {isa = PBXBuildFile; fileRef = DE4AD96414DC788F00D63E5A /* Lake.jpg */; };
		DE3EC2C8151CC50D00921348 /* Shed.jpg in Resources */ = {isa = PBXBuildFile; fileRef = DE4AD96714DC788F00D63E5A /* Shed.jpg */; };
		DE3EC2C9151CC50D00921348 /* Tree.jpg in Resources */ = {isa = PBXBuildFile; fileRef = DE4AD96A14DC788F00D63E5A /* Tree.jpg */; };
		DE3EC2CA151CC50D00921348 /* Icon-72.png in Resources */ = {isa = PBXBuildFile; fileRef = DE4AD96B14DC788F00D63E5A /* Icon-72.png */; };
		DE3EC2CB151CC50D00921348 /* Icon-Small-50.png in Resources */ = {isa = PBXBuildFile; fileRef = DE4AD96C14DC788F00D63E5A /* Icon-Small-50.png */; };
		DE3EC2CC151CC50D00921348 /* Icon-Small.png in Resources */ = {isa = PBXBuildFile; fileRef = DE4AD96D14DC788F00D63E5A /* Icon-Small.png */; };
		DE3EC2CD151CC50D00921348 /* Icon-Small@2x.png in Resources */ = {isa = PBXBuildFile; fileRef = DE4AD96E14DC788F00D63E5A /* Icon-Small@2x.png */; };
		DE3EC2CE151CC50D00921348 /* Icon.png in Resources */ = {isa = PBXBuildFile; fileRef = DE4AD96F14DC788F00D63E5A /* Icon.png */; };
		DE3EC2CF151CC50D00921348 /* Icon@2x.png in Resources */ = {isa = PBXBuildFile; fileRef = DE4AD97014DC788F00D63E5A /* Icon@2x.png */; };
		DE3EC2D0151CC50D00921348 /* iTunesArtwork in Resources */ = {isa = PBXBuildFile; fileRef = DE4AD97114DC788F00D63E5A /* iTunesArtwork */; };
		DE3EC2D1151CC50D00921348 /* ReadMe.txt in Resources */ = {isa = PBXBuildFile; fileRef = DE4AD97914DC788F00D63E5A /* ReadMe.txt */; };
		DE3EC2DB151CC53600921348 /* ViewController~ipad.xib in Resources */ = {isa = PBXBuildFile; fileRef = DE3EC2AA151CC50300921348 /* ViewController~ipad.xib */; };
		DE3EC2DC151CC53600921348 /* PhotoViewController~ipad.xib in Resources */ = {isa = PBXBuildFile; fileRef = DE3EC2AC151CC50300921348 /* PhotoViewController~ipad.xib */; };
		DE4AD93214DC783D00D63E5A /* UIKit.framework in Frameworks */ = {isa = PBXBuildFile; fileRef = DE4AD93114DC783D00D63E5A /* UIKit.framework */; };
		DE4AD93414DC783D00D63E5A /* Foundation.framework in Frameworks */ = {isa = PBXBuildFile; fileRef = DE4AD93314DC783D00D63E5A /* Foundation.framework */; };
		DE4AD93614DC783D00D63E5A /* CoreGraphics.framework in Frameworks */ = {isa = PBXBuildFile; fileRef = DE4AD93514DC783D00D63E5A /* CoreGraphics.framework */; };
		DE4AD93C14DC783D00D63E5A /* InfoPlist.strings in Resources */ = {isa = PBXBuildFile; fileRef = DE4AD93A14DC783D00D63E5A /* InfoPlist.strings */; };
		DE4AD93E14DC783D00D63E5A /* main.m in Sources */ = {isa = PBXBuildFile; fileRef = DE4AD93D14DC783D00D63E5A /* main.m */; };
		DE4AD94214DC783D00D63E5A /* AppDelegate.m in Sources */ = {isa = PBXBuildFile; fileRef = DE4AD94114DC783D00D63E5A /* AppDelegate.m */; };
		DE4AD94514DC783D00D63E5A /* ViewController.m in Sources */ = {isa = PBXBuildFile; fileRef = DE4AD94414DC783D00D63E5A /* ViewController.m */; };
		DE4AD94814DC783D00D63E5A /* ViewController.xib in Resources */ = {isa = PBXBuildFile; fileRef = DE4AD94614DC783D00D63E5A /* ViewController.xib */; };
		DE4AD97F14DC788F00D63E5A /* ImageScrollView.m in Sources */ = {isa = PBXBuildFile; fileRef = DE4AD95314DC788F00D63E5A /* ImageScrollView.m */; };
		DE4AD98014DC788F00D63E5A /* PhotoViewController.m in Sources */ = {isa = PBXBuildFile; fileRef = DE4AD95514DC788F00D63E5A /* PhotoViewController.m */; };
		DE4AD98114DC788F00D63E5A /* SaveMe.txt in Resources */ = {isa = PBXBuildFile; fileRef = DE4AD95614DC788F00D63E5A /* SaveMe.txt */; };
		DE4AD98214DC788F00D63E5A /* TiledImageBuilder.m in Sources */ = {isa = PBXBuildFile; fileRef = DE4AD95814DC788F00D63E5A /* TiledImageBuilder.m */; };
		DE4AD98314DC788F00D63E5A /* TilingView.m in Sources */ = {isa = PBXBuildFile; fileRef = DE4AD95A14DC788F00D63E5A /* TilingView.m */; };
		DE4AD98614DC788F00D63E5A /* ImageData.plist in Resources */ = {isa = PBXBuildFile; fileRef = DE4AD95F14DC788F00D63E5A /* ImageData.plist */; };
		DE4AD98714DC788F00D63E5A /* Default.png in Resources */ = {isa = PBXBuildFile; fileRef = DE4AD96114DC788F00D63E5A /* Default.png */; };
		DE4AD98914DC788F00D63E5A /* Lake.jpg in Resources */ = {isa = PBXBuildFile; fileRef = DE4AD96414DC788F00D63E5A /* Lake.jpg */; };
		DE4AD98C14DC788F00D63E5A /* Shed.jpg in Resources */ = {isa = PBXBuildFile; fileRef = DE4AD96714DC788F00D63E5A /* Shed.jpg */; };
		DE4AD98F14DC788F00D63E5A /* Tree.jpg in Resources */ = {isa = PBXBuildFile; fileRef = DE4AD96A14DC788F00D63E5A /* Tree.jpg */; };
		DE4AD99014DC788F00D63E5A /* Icon-72.png in Resources */ = {isa = PBXBuildFile; fileRef = DE4AD96B14DC788F00D63E5A /* Icon-72.png */; };
		DE4AD99114DC788F00D63E5A /* Icon-Small-50.png in Resources */ = {isa = PBXBuildFile; fileRef = DE4AD96C14DC788F00D63E5A /* Icon-Small-50.png */; };
		DE4AD99214DC788F00D63E5A /* Icon-Small.png in Resources */ = {isa = PBXBuildFile; fileRef = DE4AD96D14DC788F00D63E5A /* Icon-Small.png */; };
		DE4AD99314DC788F00D63E5A /* Icon-Small@2x.png in Resources */ = {isa = PBXBuildFile; fileRef = DE4AD96E14DC788F00D63E5A /* Icon-Small@2x.png */; };
		DE4AD99414DC788F00D63E5A /* Icon.png in Resources */ = {isa = PBXBuildFile; fileRef = DE4AD96F14DC788F00D63E5A /* Icon.png */; };
		DE4AD99514DC788F00D63E5A /* Icon@2x.png in Resources */ = {isa = PBXBuildFile; fileRef = DE4AD97014DC788F00D63E5A /* Icon@2x.png */; };
		DE4AD99614DC788F00D63E5A /* iTunesArtwork in Resources */ = {isa = PBXBuildFile; fileRef = DE4AD97114DC788F00D63E5A /* iTunesArtwork */; };
		DE4AD99A14DC788F00D63E5A /* ReadMe.txt in Resources */ = {isa = PBXBuildFile; fileRef = DE4AD97914DC788F00D63E5A /* ReadMe.txt */; };
		DE4AD9A114DC7AF800D63E5A /* ImageIO.framework in Frameworks */ = {isa = PBXBuildFile; fileRef = DE4AD99F14DC7AF800D63E5A /* ImageIO.framework */; };
		DE4AD9A214DC7AF800D63E5A /* QuartzCore.framework in Frameworks */ = {isa = PBXBuildFile; fileRef = DE4AD9A014DC7AF800D63E5A /* QuartzCore.framework */; };
		DE4AD9A314DC811900D63E5A /* PhotoViewController.xib in Resources */ = {isa = PBXBuildFile; fileRef = DE4AD95D14DC788F00D63E5A /* PhotoViewController.xib */; };
		DE4ADA2014E1A56500D63E5A /* main.m in Sources */ = {isa = PBXBuildFile; fileRef = DE4AD93D14DC783D00D63E5A /* main.m */; };
		DE4ADA2114E1A56500D63E5A /* AppDelegate.m in Sources */ = {isa = PBXBuildFile; fileRef = DE4AD94114DC783D00D63E5A /* AppDelegate.m */; };
		DE4ADA2214E1A56500D63E5A /* ViewController.m in Sources */ = {isa = PBXBuildFile; fileRef = DE4AD94414DC783D00D63E5A /* ViewController.m */; };
		DE4ADA2314E1A56500D63E5A /* ImageScrollView.m in Sources */ = {isa = PBXBuildFile; fileRef = DE4AD95314DC788F00D63E5A /* ImageScrollView.m */; };
		DE4ADA2414E1A56500D63E5A /* PhotoViewController.m in Sources */ = {isa = PBXBuildFile; fileRef = DE4AD95514DC788F00D63E5A /* PhotoViewController.m */; };
		DE4ADA2514E1A56500D63E5A /* TiledImageBuilder.m in Sources */ = {isa = PBXBuildFile; fileRef = DE4AD95814DC788F00D63E5A /* TiledImageBuilder.m */; };
		DE4ADA2614E1A56500D63E5A /* TilingView.m in Sources */ = {isa = PBXBuildFile; fileRef = DE4AD95A14DC788F00D63E5A /* TilingView.m */; };
		DE4ADA2914E1A56500D63E5A /* ImageIO.framework in Frameworks */ = {isa = PBXBuildFile; fileRef = DE4AD99F14DC7AF800D63E5A /* ImageIO.framework */; };
		DE4ADA2A14E1A56500D63E5A /* QuartzCore.framework in Frameworks */ = {isa = PBXBuildFile; fileRef = DE4AD9A014DC7AF800D63E5A /* QuartzCore.framework */; };
		DE4ADA2B14E1A56500D63E5A /* UIKit.framework in Frameworks */ = {isa = PBXBuildFile; fileRef = DE4AD93114DC783D00D63E5A /* UIKit.framework */; };
		DE4ADA2C14E1A56500D63E5A /* Foundation.framework in Frameworks */ = {isa = PBXBuildFile; fileRef = DE4AD93314DC783D00D63E5A /* Foundation.framework */; };
		DE4ADA2D14E1A56500D63E5A /* CoreGraphics.framework in Frameworks */ = {isa = PBXBuildFile; fileRef = DE4AD93514DC783D00D63E5A /* CoreGraphics.framework */; };
		DE4ADA2F14E1A56500D63E5A /* InfoPlist.strings in Resources */ = {isa = PBXBuildFile; fileRef = DE4AD93A14DC783D00D63E5A /* InfoPlist.strings */; };
		DE4ADA3014E1A56500D63E5A /* ViewController.xib in Resources */ = {isa = PBXBuildFile; fileRef = DE4AD94614DC783D00D63E5A /* ViewController.xib */; };
		DE4ADA3114E1A56500D63E5A /* SaveMe.txt in Resources */ = {isa = PBXBuildFile; fileRef = DE4AD95614DC788F00D63E5A /* SaveMe.txt */; };
		DE4ADA3214E1A56500D63E5A /* ImageData.plist in Resources */ = {isa = PBXBuildFile; fileRef = DE4AD95F14DC788F00D63E5A /* ImageData.plist */; };
		DE4ADA3314E1A56500D63E5A /* Default.png in Resources */ = {isa = PBXBuildFile; fileRef = DE4AD96114DC788F00D63E5A /* Default.png */; };
		DE4ADA3414E1A56500D63E5A /* Lake.jpg in Resources */ = {isa = PBXBuildFile; fileRef = DE4AD96414DC788F00D63E5A /* Lake.jpg */; };
		DE4ADA3514E1A56500D63E5A /* Shed.jpg in Resources */ = {isa = PBXBuildFile; fileRef = DE4AD96714DC788F00D63E5A /* Shed.jpg */; };
		DE4ADA3614E1A56500D63E5A /* Tree.jpg in Resources */ = {isa = PBXBuildFile; fileRef = DE4AD96A14DC788F00D63E5A /* Tree.jpg */; };
		DE4ADA3714E1A56500D63E5A /* Icon-72.png in Resources */ = {isa = PBXBuildFile; fileRef = DE4AD96B14DC788F00D63E5A /* Icon-72.png */; };
		DE4ADA3814E1A56500D63E5A /* Icon-Small-50.png in Resources */ = {isa = PBXBuildFile; fileRef = DE4AD96C14DC788F00D63E5A /* Icon-Small-50.png */; };
		DE4ADA3914E1A56500D63E5A /* Icon-Small.png in Resources */ = {isa = PBXBuildFile; fileRef = DE4AD96D14DC788F00D63E5A /* Icon-Small.png */; };
		DE4ADA3A14E1A56500D63E5A /* Icon-Small@2x.png in Resources */ = {isa = PBXBuildFile; fileRef = DE4AD96E14DC788F00D63E5A /* Icon-Small@2x.png */; };
		DE4ADA3B14E1A56500D63E5A /* Icon.png in Resources */ = {isa = PBXBuildFile; fileRef = DE4AD96F14DC788F00D63E5A /* Icon.png */; };
		DE4ADA3C14E1A56500D63E5A /* Icon@2x.png in Resources */ = {isa = PBXBuildFile; fileRef = DE4AD97014DC788F00D63E5A /* Icon@2x.png */; };
		DE4ADA3D14E1A56500D63E5A /* iTunesArtwork in Resources */ = {isa = PBXBuildFile; fileRef = DE4AD97114DC788F00D63E5A /* iTunesArtwork */; };
		DE4ADA3E14E1A56500D63E5A /* ReadMe.txt in Resources */ = {isa = PBXBuildFile; fileRef = DE4AD97914DC788F00D63E5A /* ReadMe.txt */; };
		DE4ADA3F14E1A56500D63E5A /* PhotoViewController.xib in Resources */ = {isa = PBXBuildFile; fileRef = DE4AD95D14DC788F00D63E5A /* PhotoViewController.xib */; };
		DE7AB8F915309AFF00C4CFE7 /* TiledImageBuilder+JPEG.m in Sources */ = {isa = PBXBuildFile; fileRef = DE7AB8F815309AFF00C4CFE7 /* TiledImageBuilder+JPEG.m */; };
		DE7AB8FA15309AFF00C4CFE7 /* TiledImageBuilder+JPEG.m in Sources */ = {isa = PBXBuildFile; fileRef = DE7AB8F815309AFF00C4CFE7 /* TiledImageBuilder+JPEG.m */; };
		DE7AB8FD15309BD200C4CFE7 /* TiledImageBuilder+Draw.m in Sources */ = {isa = PBXBuildFile; fileRef = DE7AB8FB15309BD200C4CFE7 /* TiledImageBuilder+Draw.m */; };
		DE7AB8FE15309BD200C4CFE7 /* TiledImageBuilder+Draw.m in Sources */ = {isa = PBXBuildFile; fileRef = DE7AB8FB15309BD200C4CFE7 /* TiledImageBuilder+Draw.m */; };
		DE7AB8FF15309BD200C4CFE7 /* TiledImageBuilder+Draw.m in Sources */ = {isa = PBXBuildFile; fileRef = DE7AB8FB15309BD200C4CFE7 /* TiledImageBuilder+Draw.m */; };
		DE7AB90015309BD200C4CFE7 /* TiledImageBuilder+Draw.m in Sources */ = {isa = PBXBuildFile; fileRef = DE7AB8FB15309BD200C4CFE7 /* TiledImageBuilder+Draw.m */; };
		DE7AB90115309BD200C4CFE7 /* TiledImageBuilder+Tile.m in Sources */ = {isa = PBXBuildFile; fileRef = DE7AB8FC15309BD200C4CFE7 /* TiledImageBuilder+Tile.m */; };
		DE7AB90215309BD200C4CFE7 /* TiledImageBuilder+Tile.m in Sources */ = {isa = PBXBuildFile; fileRef = DE7AB8FC15309BD200C4CFE7 /* TiledImageBuilder+Tile.m */; };
		DE7AB90315309BD200C4CFE7 /* TiledImageBuilder+Tile.m in Sources */ = {isa = PBXBuildFile; fileRef = DE7AB8FC15309BD200C4CFE7 /* TiledImageBuilder+Tile.m */; };
		DE7AB90415309BD200C4CFE7 /* TiledImageBuilder+Tile.m in Sources */ = {isa = PBXBuildFile; fileRef = DE7AB8FC15309BD200C4CFE7 /* TiledImageBuilder+Tile.m */; };
		DEB06F6C15F7ACA000BAA8D0 /* large_leaves_70mp.jpg in Resources */ = {isa = PBXBuildFile; fileRef = DEB06F6B15F7ACA000BAA8D0 /* large_leaves_70mp.jpg */; };
		DEB06F6E15F7ACAD00BAA8D0 /* large_leaves_70mp.jpg in Resources */ = {isa = PBXBuildFile; fileRef = DEB06F6B15F7ACA000BAA8D0 /* large_leaves_70mp.jpg */; };
		DEB06F6F15F7ACAE00BAA8D0 /* large_leaves_70mp.jpg in Resources */ = {isa = PBXBuildFile; fileRef = DEB06F6B15F7ACA000BAA8D0 /* large_leaves_70mp.jpg */; };
		DEB06F7015F7ACAE00BAA8D0 /* large_leaves_70mp.jpg in Resources */ = {isa = PBXBuildFile; fileRef = DEB06F6B15F7ACA000BAA8D0 /* large_leaves_70mp.jpg */; };
		DEC612451A335DC500BB265D /* libturbojpeg.a in Frameworks */ = {isa = PBXBuildFile; fileRef = DEA67881169AF82B00011D0B /* libturbojpeg.a */; };
		DEC616A01A339C3000BB265D /* OperationsRunner8.m in Sources */ = {isa = PBXBuildFile; fileRef = DEC616961A339C3000BB265D /* OperationsRunner8.m */; };
		DEC616A11A339C3000BB265D /* OperationsRunner8.m in Sources */ = {isa = PBXBuildFile; fileRef = DEC616961A339C3000BB265D /* OperationsRunner8.m */; };
		DEC616A21A339C3000BB265D /* ORSessionDelegate.m in Sources */ = {isa = PBXBuildFile; fileRef = DEC616991A339C3000BB265D /* ORSessionDelegate.m */; };
		DEC616A31A339C3000BB265D /* ORSessionDelegate.m in Sources */ = {isa = PBXBuildFile; fileRef = DEC616991A339C3000BB265D /* ORSessionDelegate.m */; };
		DEC616A41A339C3000BB265D /* WebFetcher8.m in Sources */ = {isa = PBXBuildFile; fileRef = DEC6169B1A339C3000BB265D /* WebFetcher8.m */; };
		DEC616A51A339C3000BB265D /* WebFetcher8.m in Sources */ = {isa = PBXBuildFile; fileRef = DEC6169B1A339C3000BB265D /* WebFetcher8.m */; };
		DEC616AF1A33BCBB00BB265D /* ConcurrentOp.m in Sources */ = {isa = PBXBuildFile; fileRef = DEC616AD1A33BCBB00BB265D /* ConcurrentOp.m */; };
		DEC616B01A33BCBB00BB265D /* ConcurrentOp.m in Sources */ = {isa = PBXBuildFile; fileRef = DEC616AD1A33BCBB00BB265D /* ConcurrentOp.m */; };
		DEC616B11A33BD0D00BB265D /* libturbojpeg.a in Frameworks */ = {isa = PBXBuildFile; fileRef = DED0140F1524F92900B9335E /* libturbojpeg.a */; };
		DEC616B31A33BE3700BB265D /* OperationsRunner8.m in Sources */ = {isa = PBXBuildFile; fileRef = DEC616961A339C3000BB265D /* OperationsRunner8.m */; };
		DEC616B41A33BE3B00BB265D /* ORSessionDelegate.m in Sources */ = {isa = PBXBuildFile; fileRef = DEC616991A339C3000BB265D /* ORSessionDelegate.m */; };
		DEC616B51A33BE3F00BB265D /* WebFetcher8.m in Sources */ = {isa = PBXBuildFile; fileRef = DEC6169B1A339C3000BB265D /* WebFetcher8.m */; };
		DEC616B61A33CD0800BB265D /* ConcurrentOp.m in Sources */ = {isa = PBXBuildFile; fileRef = DEC616AD1A33BCBB00BB265D /* ConcurrentOp.m */; };
		DEC616B71A33CD0900BB265D /* ConcurrentOp.m in Sources */ = {isa = PBXBuildFile; fileRef = DEC616AD1A33BCBB00BB265D /* ConcurrentOp.m */; };
		DEC616B81A33CD0D00BB265D /* OperationsRunner8.m in Sources */ = {isa = PBXBuildFile; fileRef = DEC616961A339C3000BB265D /* OperationsRunner8.m */; };
		DEC616B91A33CD1200BB265D /* ORSessionDelegate.m in Sources */ = {isa = PBXBuildFile; fileRef = DEC616991A339C3000BB265D /* ORSessionDelegate.m */; };
		DEC616BA1A33CD1500BB265D /* WebFetcher8.m in Sources */ = {isa = PBXBuildFile; fileRef = DEC6169B1A339C3000BB265D /* WebFetcher8.m */; };
/* End PBXBuildFile section */

/* Begin PBXFileReference section */
		DE07428B14F0441500439550 /* Accelerate.framework */ = {isa = PBXFileReference; lastKnownFileType = wrapper.framework; name = Accelerate.framework; path = System/Library/Frameworks/Accelerate.framework; sourceTree = SDKROOT; };
		DE0D6C8815AB4E100040318C /* Space4.jpg */ = {isa = PBXFileReference; lastKnownFileType = image.jpeg; path = Space4.jpg; sourceTree = "<group>"; };
		DE0D6C8915AB4E100040318C /* Space5.jpg */ = {isa = PBXFileReference; lastKnownFileType = image.jpeg; path = Space5.jpg; sourceTree = "<group>"; };
		DE111436159E0138004D2459 /* Space6.jpg */ = {isa = PBXFileReference; lastKnownFileType = image.jpeg; path = Space6.jpg; sourceTree = "<group>"; };
		DE22F3D71A939DA3001E02D6 /* HowToSaveAndRestoreTiledImages.txt */ = {isa = PBXFileReference; lastKnownFileType = text; path = HowToSaveAndRestoreTiledImages.txt; sourceTree = "<group>"; };
		DE3EC2A5151CC50300921348 /* PhotoScrollerNetwork-iPad.app */ = {isa = PBXFileReference; explicitFileType = wrapper.application; includeInIndex = 0; path = "PhotoScrollerNetwork-iPad.app"; sourceTree = BUILT_PRODUCTS_DIR; };
		DE3EC2D8151CC50D00921348 /* PhotoScrollerNetworkTurbo-iPad.app */ = {isa = PBXFileReference; explicitFileType = wrapper.application; includeInIndex = 0; path = "PhotoScrollerNetworkTurbo-iPad.app"; sourceTree = BUILT_PRODUCTS_DIR; };
		DE4AD92D14DC783D00D63E5A /* PhotoScrollerNetwork.app */ = {isa = PBXFileReference; explicitFileType = wrapper.application; includeInIndex = 0; path = PhotoScrollerNetwork.app; sourceTree = BUILT_PRODUCTS_DIR; };
		DE4AD93114DC783D00D63E5A /* UIKit.framework */ = {isa = PBXFileReference; lastKnownFileType = wrapper.framework; name = UIKit.framework; path = System/Library/Frameworks/UIKit.framework; sourceTree = SDKROOT; };
		DE4AD93314DC783D00D63E5A /* Foundation.framework */ = {isa = PBXFileReference; lastKnownFileType = wrapper.framework; name = Foundation.framework; path = System/Library/Frameworks/Foundation.framework; sourceTree = SDKROOT; };
		DE4AD93514DC783D00D63E5A /* CoreGraphics.framework */ = {isa = PBXFileReference; lastKnownFileType = wrapper.framework; name = CoreGraphics.framework; path = System/Library/Frameworks/CoreGraphics.framework; sourceTree = SDKROOT; };
		DE4AD93914DC783D00D63E5A /* PhotoScrollerNetwork-Info.plist */ = {isa = PBXFileReference; lastKnownFileType = text.plist.xml; path = "PhotoScrollerNetwork-Info.plist"; sourceTree = "<group>"; };
		DE4AD93B14DC783D00D63E5A /* en */ = {isa = PBXFileReference; lastKnownFileType = text.plist.strings; name = en; path = en.lproj/InfoPlist.strings; sourceTree = "<group>"; };
		DE4AD93D14DC783D00D63E5A /* main.m */ = {isa = PBXFileReference; lastKnownFileType = sourcecode.c.objc; path = main.m; sourceTree = "<group>"; };
		DE4AD93F14DC783D00D63E5A /* PhotoScrollerNetwork-Prefix.pch */ = {isa = PBXFileReference; lastKnownFileType = sourcecode.c.h; path = "PhotoScrollerNetwork-Prefix.pch"; sourceTree = "<group>"; };
		DE4AD94014DC783D00D63E5A /* AppDelegate.h */ = {isa = PBXFileReference; lastKnownFileType = sourcecode.c.h; path = AppDelegate.h; sourceTree = "<group>"; };
		DE4AD94114DC783D00D63E5A /* AppDelegate.m */ = {isa = PBXFileReference; lastKnownFileType = sourcecode.c.objc; path = AppDelegate.m; sourceTree = "<group>"; };
		DE4AD94314DC783D00D63E5A /* ViewController.h */ = {isa = PBXFileReference; lastKnownFileType = sourcecode.c.h; path = ViewController.h; sourceTree = "<group>"; };
		DE4AD94414DC783D00D63E5A /* ViewController.m */ = {isa = PBXFileReference; lastKnownFileType = sourcecode.c.objc; path = ViewController.m; sourceTree = "<group>"; };
		DE4AD95214DC788F00D63E5A /* ImageScrollView.h */ = {isa = PBXFileReference; fileEncoding = 4; lastKnownFileType = sourcecode.c.h; path = ImageScrollView.h; sourceTree = "<group>"; };
		DE4AD95314DC788F00D63E5A /* ImageScrollView.m */ = {isa = PBXFileReference; fileEncoding = 4; lastKnownFileType = sourcecode.c.objc; path = ImageScrollView.m; sourceTree = "<group>"; };
		DE4AD95414DC788F00D63E5A /* PhotoViewController.h */ = {isa = PBXFileReference; fileEncoding = 4; lastKnownFileType = sourcecode.c.h; path = PhotoViewController.h; sourceTree = "<group>"; };
		DE4AD95514DC788F00D63E5A /* PhotoViewController.m */ = {isa = PBXFileReference; fileEncoding = 4; lastKnownFileType = sourcecode.c.objc; lineEnding = 0; path = PhotoViewController.m; sourceTree = "<group>"; xcLanguageSpecificationIdentifier = xcode.lang.objc; };
		DE4AD95614DC788F00D63E5A /* SaveMe.txt */ = {isa = PBXFileReference; fileEncoding = 4; lastKnownFileType = text; lineEnding = 0; path = SaveMe.txt; sourceTree = "<group>"; };
		DE4AD95714DC788F00D63E5A /* TiledImageBuilder.h */ = {isa = PBXFileReference; fileEncoding = 4; lastKnownFileType = sourcecode.c.h; path = TiledImageBuilder.h; sourceTree = "<group>"; };
		DE4AD95814DC788F00D63E5A /* TiledImageBuilder.m */ = {isa = PBXFileReference; fileEncoding = 4; lastKnownFileType = sourcecode.c.objc; lineEnding = 0; path = TiledImageBuilder.m; sourceTree = "<group>"; xcLanguageSpecificationIdentifier = xcode.lang.objc; };
		DE4AD95914DC788F00D63E5A /* TilingView.h */ = {isa = PBXFileReference; fileEncoding = 4; lastKnownFileType = sourcecode.c.h; path = TilingView.h; sourceTree = "<group>"; };
		DE4AD95A14DC788F00D63E5A /* TilingView.m */ = {isa = PBXFileReference; fileEncoding = 4; lastKnownFileType = sourcecode.c.objc; lineEnding = 0; path = TilingView.m; sourceTree = "<group>"; xcLanguageSpecificationIdentifier = xcode.lang.objc; };
		DE4AD95F14DC788F00D63E5A /* ImageData.plist */ = {isa = PBXFileReference; fileEncoding = 4; lastKnownFileType = text.plist.xml; path = ImageData.plist; sourceTree = "<group>"; };
		DE4AD96114DC788F00D63E5A /* Default.png */ = {isa = PBXFileReference; lastKnownFileType = image.png; name = Default.png; path = ../PhotoScroller/Images/Default.png; sourceTree = "<group>"; };
		DE4AD96414DC788F00D63E5A /* Lake.jpg */ = {isa = PBXFileReference; lastKnownFileType = image.jpeg; path = Lake.jpg; sourceTree = "<group>"; };
		DE4AD96714DC788F00D63E5A /* Shed.jpg */ = {isa = PBXFileReference; lastKnownFileType = image.jpeg; path = Shed.jpg; sourceTree = "<group>"; };
		DE4AD96A14DC788F00D63E5A /* Tree.jpg */ = {isa = PBXFileReference; lastKnownFileType = image.jpeg; path = Tree.jpg; sourceTree = "<group>"; };
		DE4AD96B14DC788F00D63E5A /* Icon-72.png */ = {isa = PBXFileReference; lastKnownFileType = image.png; name = "Icon-72.png"; path = "PhotoScroller/Images/Icon-72.png"; sourceTree = "<group>"; };
		DE4AD96C14DC788F00D63E5A /* Icon-Small-50.png */ = {isa = PBXFileReference; lastKnownFileType = image.png; name = "Icon-Small-50.png"; path = "PhotoScroller/Images/Icon-Small-50.png"; sourceTree = "<group>"; };
		DE4AD96D14DC788F00D63E5A /* Icon-Small.png */ = {isa = PBXFileReference; lastKnownFileType = image.png; name = "Icon-Small.png"; path = "PhotoScroller/Images/Icon-Small.png"; sourceTree = "<group>"; };
		DE4AD96E14DC788F00D63E5A /* Icon-Small@2x.png */ = {isa = PBXFileReference; lastKnownFileType = image.png; name = "Icon-Small@2x.png"; path = "PhotoScroller/Images/Icon-Small@2x.png"; sourceTree = "<group>"; };
		DE4AD96F14DC788F00D63E5A /* Icon.png */ = {isa = PBXFileReference; lastKnownFileType = image.png; name = Icon.png; path = PhotoScroller/Images/Icon.png; sourceTree = "<group>"; };
		DE4AD97014DC788F00D63E5A /* Icon@2x.png */ = {isa = PBXFileReference; lastKnownFileType = image.png; name = "Icon@2x.png"; path = "PhotoScroller/Images/Icon@2x.png"; sourceTree = "<group>"; };
		DE4AD97114DC788F00D63E5A /* iTunesArtwork */ = {isa = PBXFileReference; lastKnownFileType = file; name = iTunesArtwork; path = PhotoScroller/Images/iTunesArtwork; sourceTree = "<group>"; };
		DE4AD97914DC788F00D63E5A /* ReadMe.txt */ = {isa = PBXFileReference; fileEncoding = 4; lastKnownFileType = text; lineEnding = 0; path = ReadMe.txt; sourceTree = "<group>"; };
		DE4AD99F14DC7AF800D63E5A /* ImageIO.framework */ = {isa = PBXFileReference; lastKnownFileType = wrapper.framework; name = ImageIO.framework; path = System/Library/Frameworks/ImageIO.framework; sourceTree = SDKROOT; };
		DE4AD9A014DC7AF800D63E5A /* QuartzCore.framework */ = {isa = PBXFileReference; lastKnownFileType = wrapper.framework; name = QuartzCore.framework; path = System/Library/Frameworks/QuartzCore.framework; sourceTree = SDKROOT; };
		DE4ADA4614E1A56500D63E5A /* PhotoScrollerNetworkTurbo.app */ = {isa = PBXFileReference; explicitFileType = wrapper.application; includeInIndex = 0; path = PhotoScrollerNetworkTurbo.app; sourceTree = BUILT_PRODUCTS_DIR; };
		DE588D8614E9433A00C7E151 /* README.txt */ = {isa = PBXFileReference; lastKnownFileType = text; lineEnding = 0; path = README.txt; sourceTree = "<group>"; };
		DE7AB8F615309AA300C4CFE7 /* TiledImageBuilder-Private.h */ = {isa = PBXFileReference; lastKnownFileType = sourcecode.c.h; lineEnding = 0; path = "TiledImageBuilder-Private.h"; sourceTree = "<group>"; xcLanguageSpecificationIdentifier = xcode.lang.objcpp; };
		DE7AB8F815309AFF00C4CFE7 /* TiledImageBuilder+JPEG.m */ = {isa = PBXFileReference; fileEncoding = 4; lastKnownFileType = sourcecode.c.objc; lineEnding = 0; path = "TiledImageBuilder+JPEG.m"; sourceTree = "<group>"; xcLanguageSpecificationIdentifier = xcode.lang.objc; };
		DE7AB8FB15309BD200C4CFE7 /* TiledImageBuilder+Draw.m */ = {isa = PBXFileReference; fileEncoding = 4; lastKnownFileType = sourcecode.c.objc; path = "TiledImageBuilder+Draw.m"; sourceTree = "<group>"; };
		DE7AB8FC15309BD200C4CFE7 /* TiledImageBuilder+Tile.m */ = {isa = PBXFileReference; fileEncoding = 4; lastKnownFileType = sourcecode.c.objc; lineEnding = 0; path = "TiledImageBuilder+Tile.m"; sourceTree = "<group>"; xcLanguageSpecificationIdentifier = xcode.lang.objc; };
		DEA67612151B87DC009CC825 /* PhotoScrollerCommon.h */ = {isa = PBXFileReference; lastKnownFileType = sourcecode.c.h; name = PhotoScrollerCommon.h; path = ../PhotoScrollerCommon.h; sourceTree = "<group>"; };
		DEA67874169AF82B00011D0B /* jconfig.h */ = {isa = PBXFileReference; fileEncoding = 4; lastKnownFileType = sourcecode.c.h; path = jconfig.h; sourceTree = "<group>"; };
		DEA67877169AF82B00011D0B /* jerror.h */ = {isa = PBXFileReference; fileEncoding = 4; lastKnownFileType = sourcecode.c.h; path = jerror.h; sourceTree = "<group>"; };
		DEA6787A169AF82B00011D0B /* jmorecfg.h */ = {isa = PBXFileReference; fileEncoding = 4; lastKnownFileType = sourcecode.c.h; path = jmorecfg.h; sourceTree = "<group>"; };
		DEA6787D169AF82B00011D0B /* jpeglib.h */ = {isa = PBXFileReference; fileEncoding = 4; lastKnownFileType = sourcecode.c.h; path = jpeglib.h; sourceTree = "<group>"; };
		DEA67881169AF82B00011D0B /* libturbojpeg.a */ = {isa = PBXFileReference; lastKnownFileType = archive.ar; path = libturbojpeg.a; sourceTree = "<group>"; };
		DEA67884169AF82B00011D0B /* turbojpeg.h */ = {isa = PBXFileReference; fileEncoding = 4; lastKnownFileType = sourcecode.c.h; path = turbojpeg.h; sourceTree = "<group>"; };
		DEB06F6B15F7ACA000BAA8D0 /* large_leaves_70mp.jpg */ = {isa = PBXFileReference; lastKnownFileType = image.jpeg; path = large_leaves_70mp.jpg; sourceTree = "<group>"; };
		DEC616921A339C3000BB265D /* ReadMe */ = {isa = PBXFileReference; fileEncoding = 4; lastKnownFileType = text; path = ReadMe; sourceTree = "<group>"; };
		DEC616951A339C3000BB265D /* OperationsRunner8.h */ = {isa = PBXFileReference; fileEncoding = 4; lastKnownFileType = sourcecode.c.h; path = OperationsRunner8.h; sourceTree = "<group>"; };
		DEC616961A339C3000BB265D /* OperationsRunner8.m */ = {isa = PBXFileReference; fileEncoding = 4; lastKnownFileType = sourcecode.c.objc; path = OperationsRunner8.m; sourceTree = "<group>"; };
		DEC616971A339C3000BB265D /* OperationsRunnerProtocol8.h */ = {isa = PBXFileReference; fileEncoding = 4; lastKnownFileType = sourcecode.c.h; path = OperationsRunnerProtocol8.h; sourceTree = "<group>"; };
		DEC616981A339C3000BB265D /* ORSessionDelegate.h */ = {isa = PBXFileReference; fileEncoding = 4; lastKnownFileType = sourcecode.c.h; path = ORSessionDelegate.h; sourceTree = "<group>"; };
		DEC616991A339C3000BB265D /* ORSessionDelegate.m */ = {isa = PBXFileReference; fileEncoding = 4; lastKnownFileType = sourcecode.c.objc; path = ORSessionDelegate.m; sourceTree = "<group>"; };
		DEC6169A1A339C3000BB265D /* WebFetcher8.h */ = {isa = PBXFileReference; fileEncoding = 4; lastKnownFileType = sourcecode.c.h; path = WebFetcher8.h; sourceTree = "<group>"; };
		DEC6169B1A339C3000BB265D /* WebFetcher8.m */ = {isa = PBXFileReference; fileEncoding = 4; lastKnownFileType = sourcecode.c.objc; path = WebFetcher8.m; sourceTree = "<group>"; };
		DEC616AD1A33BCBB00BB265D /* ConcurrentOp.m */ = {isa = PBXFileReference; fileEncoding = 4; lastKnownFileType = sourcecode.c.objc; path = ConcurrentOp.m; sourceTree = "<group>"; };
		DEC616AE1A33BCBB00BB265D /* ConcurrentOp.h */ = {isa = PBXFileReference; fileEncoding = 4; lastKnownFileType = sourcecode.c.h; path = ConcurrentOp.h; sourceTree = "<group>"; };
		DED0140F1524F92900B9335E /* libturbojpeg.a */ = {isa = PBXFileReference; lastKnownFileType = archive.ar; name = libturbojpeg.a; path = /usr/lib/libturbojpeg.a; sourceTree = "<absolute>"; };
		DEE5850122FCA051003C3F75 /* Base */ = {isa = PBXFileReference; lastKnownFileType = file.xib; name = Base; path = Base.lproj/MainWindow.xib; sourceTree = "<group>"; };
		DEE5850222FCA051003C3F75 /* Base */ = {isa = PBXFileReference; lastKnownFileType = file.xib; name = Base; path = Base.lproj/PhotoViewController.xib; sourceTree = "<group>"; };
		DEE5850322FCA051003C3F75 /* Base */ = {isa = PBXFileReference; lastKnownFileType = file.xib; name = Base; path = "Resources-iPad/PhotoScroller/Base.lproj/PhotoViewController~ipad.xib"; sourceTree = "<group>"; };
		DEE5850422FCA051003C3F75 /* Base */ = {isa = PBXFileReference; lastKnownFileType = file.xib; name = Base; path = Base.lproj/ViewController.xib; sourceTree = "<group>"; };
		DEE5850522FCA051003C3F75 /* Base */ = {isa = PBXFileReference; lastKnownFileType = file.xib; name = Base; path = "Resources-iPad/PhotoScrollerNetwork/Base.lproj/ViewController~ipad.xib"; sourceTree = "<group>"; };
/* End PBXFileReference section */

/* Begin PBXFrameworksBuildPhase section */
		DE3EC289151CC50300921348 /* Frameworks */ = {
			isa = PBXFrameworksBuildPhase;
			buildActionMask = 2147483647;
			files = (
				DE3EC28A151CC50300921348 /* ImageIO.framework in Frameworks */,
				DE3EC28B151CC50300921348 /* QuartzCore.framework in Frameworks */,
				DE3EC28C151CC50300921348 /* UIKit.framework in Frameworks */,
				DE3EC28D151CC50300921348 /* Foundation.framework in Frameworks */,
				DE3EC28E151CC50300921348 /* CoreGraphics.framework in Frameworks */,
			);
			runOnlyForDeploymentPostprocessing = 0;
		};
		DE3EC2BA151CC50D00921348 /* Frameworks */ = {
			isa = PBXFrameworksBuildPhase;
			buildActionMask = 2147483647;
			files = (
				DE3EC2BB151CC50D00921348 /* Accelerate.framework in Frameworks */,
				DE3EC2BC151CC50D00921348 /* ImageIO.framework in Frameworks */,
				DE3EC2BD151CC50D00921348 /* QuartzCore.framework in Frameworks */,
				DE3EC2BE151CC50D00921348 /* UIKit.framework in Frameworks */,
				DE3EC2BF151CC50D00921348 /* Foundation.framework in Frameworks */,
				DE3EC2C0151CC50D00921348 /* CoreGraphics.framework in Frameworks */,
				DEC616B11A33BD0D00BB265D /* libturbojpeg.a in Frameworks */,
			);
			runOnlyForDeploymentPostprocessing = 0;
		};
		DE4AD92A14DC783D00D63E5A /* Frameworks */ = {
			isa = PBXFrameworksBuildPhase;
			buildActionMask = 2147483647;
			files = (
				DE4AD9A114DC7AF800D63E5A /* ImageIO.framework in Frameworks */,
				DE4AD9A214DC7AF800D63E5A /* QuartzCore.framework in Frameworks */,
				DE4AD93214DC783D00D63E5A /* UIKit.framework in Frameworks */,
				DE4AD93414DC783D00D63E5A /* Foundation.framework in Frameworks */,
				DE4AD93614DC783D00D63E5A /* CoreGraphics.framework in Frameworks */,
			);
			runOnlyForDeploymentPostprocessing = 0;
		};
		DE4ADA2814E1A56500D63E5A /* Frameworks */ = {
			isa = PBXFrameworksBuildPhase;
			buildActionMask = 2147483647;
			files = (
				DEC612451A335DC500BB265D /* libturbojpeg.a in Frameworks */,
				DE07428C14F0441500439550 /* Accelerate.framework in Frameworks */,
				DE4ADA2914E1A56500D63E5A /* ImageIO.framework in Frameworks */,
				DE4ADA2A14E1A56500D63E5A /* QuartzCore.framework in Frameworks */,
				DE4ADA2B14E1A56500D63E5A /* UIKit.framework in Frameworks */,
				DE4ADA2C14E1A56500D63E5A /* Foundation.framework in Frameworks */,
				DE4ADA2D14E1A56500D63E5A /* CoreGraphics.framework in Frameworks */,
			);
			runOnlyForDeploymentPostprocessing = 0;
		};
/* End PBXFrameworksBuildPhase section */

/* Begin PBXGroup section */
		DE4AD92214DC783D00D63E5A = {
			isa = PBXGroup;
			children = (
				DE588D8614E9433A00C7E151 /* README.txt */,
				DE22F3D71A939DA3001E02D6 /* HowToSaveAndRestoreTiledImages.txt */,
				DEA6786E169AF82B00011D0B /* libturbojpeg */,
				DE4AD94E14DC788F00D63E5A /* PhotoScroller */,
				DE4AD93714DC783D00D63E5A /* PhotoScrollerNetwork */,
				DE4AD99E14DC78ED00D63E5A /* Images */,
				DE4AD93014DC783D00D63E5A /* Frameworks */,
				DE4AD92E14DC783D00D63E5A /* Products */,
			);
			sourceTree = "<group>";
		};
		DE4AD92E14DC783D00D63E5A /* Products */ = {
			isa = PBXGroup;
			children = (
				DE4AD92D14DC783D00D63E5A /* PhotoScrollerNetwork.app */,
				DE4ADA4614E1A56500D63E5A /* PhotoScrollerNetworkTurbo.app */,
				DE3EC2A5151CC50300921348 /* PhotoScrollerNetwork-iPad.app */,
				DE3EC2D8151CC50D00921348 /* PhotoScrollerNetworkTurbo-iPad.app */,
			);
			name = Products;
			sourceTree = "<group>";
		};
		DE4AD93014DC783D00D63E5A /* Frameworks */ = {
			isa = PBXGroup;
			children = (
				DE07428B14F0441500439550 /* Accelerate.framework */,
				DE4AD99F14DC7AF800D63E5A /* ImageIO.framework */,
				DE4AD9A014DC7AF800D63E5A /* QuartzCore.framework */,
				DE4AD93114DC783D00D63E5A /* UIKit.framework */,
				DE4AD93314DC783D00D63E5A /* Foundation.framework */,
				DE4AD93514DC783D00D63E5A /* CoreGraphics.framework */,
				DED0140F1524F92900B9335E /* libturbojpeg.a */,
			);
			name = Frameworks;
			sourceTree = "<group>";
		};
		DE4AD93714DC783D00D63E5A /* PhotoScrollerNetwork */ = {
			isa = PBXGroup;
			children = (
				DE4AD96114DC788F00D63E5A /* Default.png */,
				DE4AD94014DC783D00D63E5A /* AppDelegate.h */,
				DE4AD94114DC783D00D63E5A /* AppDelegate.m */,
				DE4AD94314DC783D00D63E5A /* ViewController.h */,
				DE4AD94414DC783D00D63E5A /* ViewController.m */,
				DE4AD94614DC783D00D63E5A /* ViewController.xib */,
				DE3EC2AA151CC50300921348 /* ViewController~ipad.xib */,
				DE4AD93814DC783D00D63E5A /* Supporting Files */,
			);
			path = PhotoScrollerNetwork;
			sourceTree = "<group>";
		};
		DE4AD93814DC783D00D63E5A /* Supporting Files */ = {
			isa = PBXGroup;
			children = (
				DE4AD93914DC783D00D63E5A /* PhotoScrollerNetwork-Info.plist */,
				DE4AD93A14DC783D00D63E5A /* InfoPlist.strings */,
				DE4AD93D14DC783D00D63E5A /* main.m */,
				DE4AD93F14DC783D00D63E5A /* PhotoScrollerNetwork-Prefix.pch */,
			);
			name = "Supporting Files";
			sourceTree = "<group>";
		};
		DE4AD94E14DC788F00D63E5A /* PhotoScroller */ = {
			isa = PBXGroup;
			children = (
				DEC616911A339B3500BB265D /* Network */,
				DE4AD94F14DC788F00D63E5A /* Classes */,
				DE4AD95B14DC788F00D63E5A /* MainWindow.xib */,
				DE4AD95D14DC788F00D63E5A /* PhotoViewController.xib */,
				DE3EC2AC151CC50300921348 /* PhotoViewController~ipad.xib */,
				DE4AD95F14DC788F00D63E5A /* ImageData.plist */,
				DE4AD96014DC788F00D63E5A /* Images */,
				DE4AD97914DC788F00D63E5A /* ReadMe.txt */,
			);
			path = PhotoScroller;
			sourceTree = "<group>";
		};
		DE4AD94F14DC788F00D63E5A /* Classes */ = {
			isa = PBXGroup;
			children = (
				DE4AD95614DC788F00D63E5A /* SaveMe.txt */,
				DEA67612151B87DC009CC825 /* PhotoScrollerCommon.h */,
				DE4AD95214DC788F00D63E5A /* ImageScrollView.h */,
				DE4AD95314DC788F00D63E5A /* ImageScrollView.m */,
				DE4AD95414DC788F00D63E5A /* PhotoViewController.h */,
				DE4AD95514DC788F00D63E5A /* PhotoViewController.m */,
				DE7AB8F615309AA300C4CFE7 /* TiledImageBuilder-Private.h */,
				DE4AD95714DC788F00D63E5A /* TiledImageBuilder.h */,
				DE4AD95814DC788F00D63E5A /* TiledImageBuilder.m */,
				DE7AB8FB15309BD200C4CFE7 /* TiledImageBuilder+Draw.m */,
				DE7AB8FC15309BD200C4CFE7 /* TiledImageBuilder+Tile.m */,
				DE7AB8F815309AFF00C4CFE7 /* TiledImageBuilder+JPEG.m */,
				DE4AD95914DC788F00D63E5A /* TilingView.h */,
				DE4AD95A14DC788F00D63E5A /* TilingView.m */,
			);
			path = Classes;
			sourceTree = "<group>";
		};
		DE4AD96014DC788F00D63E5A /* Images */ = {
			isa = PBXGroup;
			children = (
				DE4AD96214DC788F00D63E5A /* Full Images */,
			);
			path = Images;
			sourceTree = "<group>";
		};
		DE4AD96214DC788F00D63E5A /* Full Images */ = {
			isa = PBXGroup;
			children = (
				DEB06F6B15F7ACA000BAA8D0 /* large_leaves_70mp.jpg */,
				DE4AD96414DC788F00D63E5A /* Lake.jpg */,
				DE4AD96714DC788F00D63E5A /* Shed.jpg */,
				DE4AD96A14DC788F00D63E5A /* Tree.jpg */,
				DE0D6C8815AB4E100040318C /* Space4.jpg */,
				DE0D6C8915AB4E100040318C /* Space5.jpg */,
				DE111436159E0138004D2459 /* Space6.jpg */,
			);
			path = "Full Images";
			sourceTree = "<group>";
		};
		DE4AD99E14DC78ED00D63E5A /* Images */ = {
			isa = PBXGroup;
			children = (
				DE4AD96B14DC788F00D63E5A /* Icon-72.png */,
				DE4AD96C14DC788F00D63E5A /* Icon-Small-50.png */,
				DE4AD96D14DC788F00D63E5A /* Icon-Small.png */,
				DE4AD96E14DC788F00D63E5A /* Icon-Small@2x.png */,
				DE4AD96F14DC788F00D63E5A /* Icon.png */,
				DE4AD97014DC788F00D63E5A /* Icon@2x.png */,
				DE4AD97114DC788F00D63E5A /* iTunesArtwork */,
			);
			name = Images;
			sourceTree = "<group>";
		};
		DEA6786E169AF82B00011D0B /* libturbojpeg */ = {
			isa = PBXGroup;
			children = (
				DEA67874169AF82B00011D0B /* jconfig.h */,
				DEA67877169AF82B00011D0B /* jerror.h */,
				DEA6787A169AF82B00011D0B /* jmorecfg.h */,
				DEA6787D169AF82B00011D0B /* jpeglib.h */,
				DEA67881169AF82B00011D0B /* libturbojpeg.a */,
				DEA67884169AF82B00011D0B /* turbojpeg.h */,
			);
			path = libturbojpeg;
			sourceTree = "<group>";
		};
		DEC616911A339B3500BB265D /* Network */ = {
			isa = PBXGroup;
			children = (
				DEC616921A339C3000BB265D /* ReadMe */,
				DEC616AD1A33BCBB00BB265D /* ConcurrentOp.m */,
				DEC616AE1A33BCBB00BB265D /* ConcurrentOp.h */,
				DEC616931A339C3000BB265D /* WhatYouNeediOS8+ */,
			);
			path = Network;
			sourceTree = "<group>";
		};
		DEC616931A339C3000BB265D /* WhatYouNeediOS8+ */ = {
			isa = PBXGroup;
			children = (
				DEC616951A339C3000BB265D /* OperationsRunner8.h */,
				DEC616961A339C3000BB265D /* OperationsRunner8.m */,
				DEC616971A339C3000BB265D /* OperationsRunnerProtocol8.h */,
				DEC616981A339C3000BB265D /* ORSessionDelegate.h */,
				DEC616991A339C3000BB265D /* ORSessionDelegate.m */,
				DEC6169A1A339C3000BB265D /* WebFetcher8.h */,
				DEC6169B1A339C3000BB265D /* WebFetcher8.m */,
			);
			path = "WhatYouNeediOS8+";
			sourceTree = "<group>";
		};
/* End PBXGroup section */

/* Begin PBXNativeTarget section */
		DE3EC27F151CC50300921348 /* PhotoScrollerNetwork-iPad */ = {
			isa = PBXNativeTarget;
			buildConfigurationList = DE3EC2A1151CC50300921348 /* Build configuration list for PBXNativeTarget "PhotoScrollerNetwork-iPad" */;
			buildPhases = (
				DE3EC280151CC50300921348 /* Sources */,
				DE3EC289151CC50300921348 /* Frameworks */,
				DE3EC28F151CC50300921348 /* Resources */,
			);
			buildRules = (
			);
			dependencies = (
			);
			name = "PhotoScrollerNetwork-iPad";
			productName = PhotoScrollerNetwork;
			productReference = DE3EC2A5151CC50300921348 /* PhotoScrollerNetwork-iPad.app */;
			productType = "com.apple.product-type.application";
		};
		DE3EC2B0151CC50D00921348 /* PhotoScrollerNetworkTurbo-iPad */ = {
			isa = PBXNativeTarget;
			buildConfigurationList = DE3EC2D4151CC50D00921348 /* Build configuration list for PBXNativeTarget "PhotoScrollerNetworkTurbo-iPad" */;
			buildPhases = (
				DE3EC2B1151CC50D00921348 /* Sources */,
				DE3EC2BA151CC50D00921348 /* Frameworks */,
				DE3EC2C1151CC50D00921348 /* Resources */,
				DE3EC2D3151CC50D00921348 /* ShellScript */,
			);
			buildRules = (
			);
			dependencies = (
			);
			name = "PhotoScrollerNetworkTurbo-iPad";
			productName = PhotoScrollerNetwork;
			productReference = DE3EC2D8151CC50D00921348 /* PhotoScrollerNetworkTurbo-iPad.app */;
			productType = "com.apple.product-type.application";
		};
		DE4AD92C14DC783D00D63E5A /* PhotoScrollerNetwork */ = {
			isa = PBXNativeTarget;
			buildConfigurationList = DE4AD94B14DC783D00D63E5A /* Build configuration list for PBXNativeTarget "PhotoScrollerNetwork" */;
			buildPhases = (
				DE4AD92914DC783D00D63E5A /* Sources */,
				DE4AD92A14DC783D00D63E5A /* Frameworks */,
				DE4AD92B14DC783D00D63E5A /* Resources */,
			);
			buildRules = (
			);
			dependencies = (
			);
			name = PhotoScrollerNetwork;
			productName = PhotoScrollerNetwork;
			productReference = DE4AD92D14DC783D00D63E5A /* PhotoScrollerNetwork.app */;
			productType = "com.apple.product-type.application";
		};
		DE4ADA1E14E1A56500D63E5A /* PhotoScrollerNetworkTurbo */ = {
			isa = PBXNativeTarget;
			buildConfigurationList = DE4ADA4314E1A56500D63E5A /* Build configuration list for PBXNativeTarget "PhotoScrollerNetworkTurbo" */;
			buildPhases = (
				DE4ADA1F14E1A56500D63E5A /* Sources */,
				DE4ADA2814E1A56500D63E5A /* Frameworks */,
				DE4ADA2E14E1A56500D63E5A /* Resources */,
				DE4ADA4F14E2A43100D63E5A /* ShellScript */,
			);
			buildRules = (
			);
			dependencies = (
			);
			name = PhotoScrollerNetworkTurbo;
			productName = PhotoScrollerNetwork;
			productReference = DE4ADA4614E1A56500D63E5A /* PhotoScrollerNetworkTurbo.app */;
			productType = "com.apple.product-type.application";
		};
/* End PBXNativeTarget section */

/* Begin PBXProject section */
		DE4AD92414DC783D00D63E5A /* Project object */ = {
			isa = PBXProject;
			attributes = {
				LastUpgradeCheck = 1100;
				TargetAttributes = {
					DE4AD92C14DC783D00D63E5A = {
						DevelopmentTeam = 2FF6FTW7JA;
					};
					DE4ADA1E14E1A56500D63E5A = {
						DevelopmentTeam = 748Z47NBAH;
					};
				};
			};
			buildConfigurationList = DE4AD92714DC783D00D63E5A /* Build configuration list for PBXProject "PhotoScrollerNetwork" */;
			compatibilityVersion = "Xcode 3.2";
			developmentRegion = en;
			hasScannedForEncodings = 0;
			knownRegions = (
				en,
				Base,
			);
			mainGroup = DE4AD92214DC783D00D63E5A;
			productRefGroup = DE4AD92E14DC783D00D63E5A /* Products */;
			projectDirPath = "";
			projectRoot = "";
			targets = (
				DE4AD92C14DC783D00D63E5A /* PhotoScrollerNetwork */,
				DE4ADA1E14E1A56500D63E5A /* PhotoScrollerNetworkTurbo */,
				DE3EC27F151CC50300921348 /* PhotoScrollerNetwork-iPad */,
				DE3EC2B0151CC50D00921348 /* PhotoScrollerNetworkTurbo-iPad */,
			);
		};
/* End PBXProject section */

/* Begin PBXResourcesBuildPhase section */
		DE3EC28F151CC50300921348 /* Resources */ = {
			isa = PBXResourcesBuildPhase;
			buildActionMask = 2147483647;
			files = (
				DE3EC290151CC50300921348 /* InfoPlist.strings in Resources */,
				DE3EC292151CC50300921348 /* SaveMe.txt in Resources */,
				DE3EC293151CC50300921348 /* ImageData.plist in Resources */,
				DE3EC294151CC50300921348 /* Default.png in Resources */,
				DE3EC295151CC50300921348 /* Lake.jpg in Resources */,
				DE3EC296151CC50300921348 /* Shed.jpg in Resources */,
				DE3EC297151CC50300921348 /* Tree.jpg in Resources */,
				DE3EC298151CC50300921348 /* Icon-72.png in Resources */,
				DE3EC299151CC50300921348 /* Icon-Small-50.png in Resources */,
				DE3EC29A151CC50300921348 /* Icon-Small.png in Resources */,
				DE3EC29B151CC50300921348 /* Icon-Small@2x.png in Resources */,
				DE3EC29C151CC50300921348 /* Icon.png in Resources */,
				DE3EC29D151CC50300921348 /* Icon@2x.png in Resources */,
				DE3EC29E151CC50300921348 /* iTunesArtwork in Resources */,
				DE3EC29F151CC50300921348 /* ReadMe.txt in Resources */,
				DE3EC2AE151CC50300921348 /* ViewController~ipad.xib in Resources */,
				DE3EC2AF151CC50300921348 /* PhotoViewController~ipad.xib in Resources */,
				DE111439159E0138004D2459 /* Space6.jpg in Resources */,
				DE0D6C8C15AB4E100040318C /* Space4.jpg in Resources */,
				DE0D6C9015AB4E100040318C /* Space5.jpg in Resources */,
				DEB06F6F15F7ACAE00BAA8D0 /* large_leaves_70mp.jpg in Resources */,
			);
			runOnlyForDeploymentPostprocessing = 0;
		};
		DE3EC2C1151CC50D00921348 /* Resources */ = {
			isa = PBXResourcesBuildPhase;
			buildActionMask = 2147483647;
			files = (
				DE3EC2C2151CC50D00921348 /* InfoPlist.strings in Resources */,
				DE3EC2C4151CC50D00921348 /* SaveMe.txt in Resources */,
				DE3EC2C5151CC50D00921348 /* ImageData.plist in Resources */,
				DE3EC2C6151CC50D00921348 /* Default.png in Resources */,
				DE3EC2C7151CC50D00921348 /* Lake.jpg in Resources */,
				DE3EC2C8151CC50D00921348 /* Shed.jpg in Resources */,
				DE3EC2C9151CC50D00921348 /* Tree.jpg in Resources */,
				DE3EC2CA151CC50D00921348 /* Icon-72.png in Resources */,
				DE3EC2CB151CC50D00921348 /* Icon-Small-50.png in Resources */,
				DE3EC2CC151CC50D00921348 /* Icon-Small.png in Resources */,
				DE3EC2CD151CC50D00921348 /* Icon-Small@2x.png in Resources */,
				DE3EC2CE151CC50D00921348 /* Icon.png in Resources */,
				DE3EC2CF151CC50D00921348 /* Icon@2x.png in Resources */,
				DE3EC2D0151CC50D00921348 /* iTunesArtwork in Resources */,
				DE3EC2D1151CC50D00921348 /* ReadMe.txt in Resources */,
				DE3EC2DB151CC53600921348 /* ViewController~ipad.xib in Resources */,
				DE3EC2DC151CC53600921348 /* PhotoViewController~ipad.xib in Resources */,
				DE11143A159E0138004D2459 /* Space6.jpg in Resources */,
				DE0D6C8D15AB4E100040318C /* Space4.jpg in Resources */,
				DE0D6C9115AB4E100040318C /* Space5.jpg in Resources */,
				DEB06F6E15F7ACAD00BAA8D0 /* large_leaves_70mp.jpg in Resources */,
			);
			runOnlyForDeploymentPostprocessing = 0;
		};
		DE4AD92B14DC783D00D63E5A /* Resources */ = {
			isa = PBXResourcesBuildPhase;
			buildActionMask = 2147483647;
			files = (
				DE4AD93C14DC783D00D63E5A /* InfoPlist.strings in Resources */,
				DE4AD94814DC783D00D63E5A /* ViewController.xib in Resources */,
				DE4AD98114DC788F00D63E5A /* SaveMe.txt in Resources */,
				DE4AD98614DC788F00D63E5A /* ImageData.plist in Resources */,
				DE4AD98714DC788F00D63E5A /* Default.png in Resources */,
				DE4AD98914DC788F00D63E5A /* Lake.jpg in Resources */,
				DE4AD98C14DC788F00D63E5A /* Shed.jpg in Resources */,
				DE4AD98F14DC788F00D63E5A /* Tree.jpg in Resources */,
				DE4AD99014DC788F00D63E5A /* Icon-72.png in Resources */,
				DE4AD99114DC788F00D63E5A /* Icon-Small-50.png in Resources */,
				DE4AD99214DC788F00D63E5A /* Icon-Small.png in Resources */,
				DE4AD99314DC788F00D63E5A /* Icon-Small@2x.png in Resources */,
				DE4AD99414DC788F00D63E5A /* Icon.png in Resources */,
				DE4AD99514DC788F00D63E5A /* Icon@2x.png in Resources */,
				DE4AD99614DC788F00D63E5A /* iTunesArtwork in Resources */,
				DE4AD99A14DC788F00D63E5A /* ReadMe.txt in Resources */,
				DE4AD9A314DC811900D63E5A /* PhotoViewController.xib in Resources */,
				DE111437159E0138004D2459 /* Space6.jpg in Resources */,
				DE0D6C8A15AB4E100040318C /* Space4.jpg in Resources */,
				DE0D6C8E15AB4E100040318C /* Space5.jpg in Resources */,
				DEB06F6C15F7ACA000BAA8D0 /* large_leaves_70mp.jpg in Resources */,
			);
			runOnlyForDeploymentPostprocessing = 0;
		};
		DE4ADA2E14E1A56500D63E5A /* Resources */ = {
			isa = PBXResourcesBuildPhase;
			buildActionMask = 2147483647;
			files = (
				DE4ADA2F14E1A56500D63E5A /* InfoPlist.strings in Resources */,
				DE4ADA3014E1A56500D63E5A /* ViewController.xib in Resources */,
				DE4ADA3114E1A56500D63E5A /* SaveMe.txt in Resources */,
				DE4ADA3214E1A56500D63E5A /* ImageData.plist in Resources */,
				DE4ADA3314E1A56500D63E5A /* Default.png in Resources */,
				DE4ADA3414E1A56500D63E5A /* Lake.jpg in Resources */,
				DE4ADA3514E1A56500D63E5A /* Shed.jpg in Resources */,
				DE4ADA3614E1A56500D63E5A /* Tree.jpg in Resources */,
				DE4ADA3714E1A56500D63E5A /* Icon-72.png in Resources */,
				DE4ADA3814E1A56500D63E5A /* Icon-Small-50.png in Resources */,
				DE4ADA3914E1A56500D63E5A /* Icon-Small.png in Resources */,
				DE4ADA3A14E1A56500D63E5A /* Icon-Small@2x.png in Resources */,
				DE4ADA3B14E1A56500D63E5A /* Icon.png in Resources */,
				DE4ADA3C14E1A56500D63E5A /* Icon@2x.png in Resources */,
				DE4ADA3D14E1A56500D63E5A /* iTunesArtwork in Resources */,
				DE4ADA3E14E1A56500D63E5A /* ReadMe.txt in Resources */,
				DE4ADA3F14E1A56500D63E5A /* PhotoViewController.xib in Resources */,
				DE111438159E0138004D2459 /* Space6.jpg in Resources */,
				DE0D6C8B15AB4E100040318C /* Space4.jpg in Resources */,
				DE0D6C8F15AB4E100040318C /* Space5.jpg in Resources */,
				DEB06F7015F7ACAE00BAA8D0 /* large_leaves_70mp.jpg in Resources */,
			);
			runOnlyForDeploymentPostprocessing = 0;
		};
/* End PBXResourcesBuildPhase section */

/* Begin PBXShellScriptBuildPhase section */
		DE3EC2D3151CC50D00921348 /* ShellScript */ = {
			isa = PBXShellScriptBuildPhase;
			buildActionMask = 2147483647;
			files = (
			);
			inputPaths = (
			);
			outputPaths = (
			);
			runOnlyForDeploymentPostprocessing = 0;
			shellPath = /bin/sh;
			shellScript = "echo \"Hello World\"";
		};
		DE4ADA4F14E2A43100D63E5A /* ShellScript */ = {
			isa = PBXShellScriptBuildPhase;
			buildActionMask = 2147483647;
			files = (
			);
			inputPaths = (
			);
			outputPaths = (
			);
			runOnlyForDeploymentPostprocessing = 0;
			shellPath = /bin/sh;
			shellScript = "echo \"Hello World\"";
		};
/* End PBXShellScriptBuildPhase section */

/* Begin PBXSourcesBuildPhase section */
		DE3EC280151CC50300921348 /* Sources */ = {
			isa = PBXSourcesBuildPhase;
			buildActionMask = 2147483647;
			files = (
				DE3EC281151CC50300921348 /* main.m in Sources */,
				DE3EC282151CC50300921348 /* AppDelegate.m in Sources */,
				DE3EC283151CC50300921348 /* ViewController.m in Sources */,
				DE3EC284151CC50300921348 /* ImageScrollView.m in Sources */,
				DEC616B81A33CD0D00BB265D /* OperationsRunner8.m in Sources */,
				DE3EC285151CC50300921348 /* PhotoViewController.m in Sources */,
				DEC616B91A33CD1200BB265D /* ORSessionDelegate.m in Sources */,
				DE3EC286151CC50300921348 /* TiledImageBuilder.m in Sources */,
				DEC616BA1A33CD1500BB265D /* WebFetcher8.m in Sources */,
				DE3EC287151CC50300921348 /* TilingView.m in Sources */,
				DEC616B71A33CD0900BB265D /* ConcurrentOp.m in Sources */,
				DE7AB8FF15309BD200C4CFE7 /* TiledImageBuilder+Draw.m in Sources */,
				DE7AB90315309BD200C4CFE7 /* TiledImageBuilder+Tile.m in Sources */,
			);
			runOnlyForDeploymentPostprocessing = 0;
		};
		DE3EC2B1151CC50D00921348 /* Sources */ = {
			isa = PBXSourcesBuildPhase;
			buildActionMask = 2147483647;
			files = (
				DE3EC2B2151CC50D00921348 /* main.m in Sources */,
				DE3EC2B3151CC50D00921348 /* AppDelegate.m in Sources */,
				DE3EC2B4151CC50D00921348 /* ViewController.m in Sources */,
				DE3EC2B5151CC50D00921348 /* ImageScrollView.m in Sources */,
				DEC616A11A339C3000BB265D /* OperationsRunner8.m in Sources */,
				DE3EC2B6151CC50D00921348 /* PhotoViewController.m in Sources */,
				DEC616A31A339C3000BB265D /* ORSessionDelegate.m in Sources */,
				DE3EC2B7151CC50D00921348 /* TiledImageBuilder.m in Sources */,
				DE3EC2B8151CC50D00921348 /* TilingView.m in Sources */,
				DEC616B01A33BCBB00BB265D /* ConcurrentOp.m in Sources */,
				DE7AB8FA15309AFF00C4CFE7 /* TiledImageBuilder+JPEG.m in Sources */,
				DE7AB90015309BD200C4CFE7 /* TiledImageBuilder+Draw.m in Sources */,
				DE7AB90415309BD200C4CFE7 /* TiledImageBuilder+Tile.m in Sources */,
				DEC616A51A339C3000BB265D /* WebFetcher8.m in Sources */,
			);
			runOnlyForDeploymentPostprocessing = 0;
		};
		DE4AD92914DC783D00D63E5A /* Sources */ = {
			isa = PBXSourcesBuildPhase;
			buildActionMask = 2147483647;
			files = (
				DE4AD93E14DC783D00D63E5A /* main.m in Sources */,
				DE4AD94214DC783D00D63E5A /* AppDelegate.m in Sources */,
				DE4AD94514DC783D00D63E5A /* ViewController.m in Sources */,
				DE4AD97F14DC788F00D63E5A /* ImageScrollView.m in Sources */,
				DEC616B31A33BE3700BB265D /* OperationsRunner8.m in Sources */,
				DE4AD98014DC788F00D63E5A /* PhotoViewController.m in Sources */,
				DEC616B41A33BE3B00BB265D /* ORSessionDelegate.m in Sources */,
				DE4AD98214DC788F00D63E5A /* TiledImageBuilder.m in Sources */,
				DEC616B51A33BE3F00BB265D /* WebFetcher8.m in Sources */,
				DE4AD98314DC788F00D63E5A /* TilingView.m in Sources */,
				DE7AB8FD15309BD200C4CFE7 /* TiledImageBuilder+Draw.m in Sources */,
				DE7AB90115309BD200C4CFE7 /* TiledImageBuilder+Tile.m in Sources */,
				DEC616B61A33CD0800BB265D /* ConcurrentOp.m in Sources */,
			);
			runOnlyForDeploymentPostprocessing = 0;
		};
		DE4ADA1F14E1A56500D63E5A /* Sources */ = {
			isa = PBXSourcesBuildPhase;
			buildActionMask = 2147483647;
			files = (
				DE4ADA2014E1A56500D63E5A /* main.m in Sources */,
				DE4ADA2114E1A56500D63E5A /* AppDelegate.m in Sources */,
				DE4ADA2214E1A56500D63E5A /* ViewController.m in Sources */,
				DE4ADA2314E1A56500D63E5A /* ImageScrollView.m in Sources */,
				DEC616A01A339C3000BB265D /* OperationsRunner8.m in Sources */,
				DE4ADA2414E1A56500D63E5A /* PhotoViewController.m in Sources */,
				DEC616A21A339C3000BB265D /* ORSessionDelegate.m in Sources */,
				DE4ADA2514E1A56500D63E5A /* TiledImageBuilder.m in Sources */,
				DE4ADA2614E1A56500D63E5A /* TilingView.m in Sources */,
				DEC616AF1A33BCBB00BB265D /* ConcurrentOp.m in Sources */,
				DE7AB8F915309AFF00C4CFE7 /* TiledImageBuilder+JPEG.m in Sources */,
				DE7AB8FE15309BD200C4CFE7 /* TiledImageBuilder+Draw.m in Sources */,
				DE7AB90215309BD200C4CFE7 /* TiledImageBuilder+Tile.m in Sources */,
				DEC616A41A339C3000BB265D /* WebFetcher8.m in Sources */,
			);
			runOnlyForDeploymentPostprocessing = 0;
		};
/* End PBXSourcesBuildPhase section */

/* Begin PBXVariantGroup section */
		DE3EC2AA151CC50300921348 /* ViewController~ipad.xib */ = {
			isa = PBXVariantGroup;
			children = (
				DEE5850522FCA051003C3F75 /* Base */,
			);
			name = "ViewController~ipad.xib";
			path = ..;
			sourceTree = "<group>";
		};
		DE3EC2AC151CC50300921348 /* PhotoViewController~ipad.xib */ = {
			isa = PBXVariantGroup;
			children = (
				DEE5850322FCA051003C3F75 /* Base */,
			);
			name = "PhotoViewController~ipad.xib";
			path = ..;
			sourceTree = "<group>";
		};
		DE4AD93A14DC783D00D63E5A /* InfoPlist.strings */ = {
			isa = PBXVariantGroup;
			children = (
				DE4AD93B14DC783D00D63E5A /* en */,
			);
			name = InfoPlist.strings;
			sourceTree = "<group>";
		};
		DE4AD94614DC783D00D63E5A /* ViewController.xib */ = {
			isa = PBXVariantGroup;
			children = (
				DEE5850422FCA051003C3F75 /* Base */,
			);
			name = ViewController.xib;
			sourceTree = "<group>";
		};
		DE4AD95B14DC788F00D63E5A /* MainWindow.xib */ = {
			isa = PBXVariantGroup;
			children = (
				DEE5850122FCA051003C3F75 /* Base */,
			);
			name = MainWindow.xib;
			sourceTree = "<group>";
		};
		DE4AD95D14DC788F00D63E5A /* PhotoViewController.xib */ = {
			isa = PBXVariantGroup;
			children = (
				DEE5850222FCA051003C3F75 /* Base */,
			);
			name = PhotoViewController.xib;
			sourceTree = "<group>";
		};
/* End PBXVariantGroup section */

/* Begin XCBuildConfiguration section */
		DE3EC2A2151CC50300921348 /* Debug */ = {
			isa = XCBuildConfiguration;
			buildSettings = {
				GCC_PRECOMPILE_PREFIX_HEADER = YES;
				GCC_PREFIX_HEADER = "PhotoScrollerNetwork/PhotoScrollerNetwork-Prefix.pch";
				INFOPLIST_FILE = "PhotoScrollerNetwork copy-Info.plist";
				PRODUCT_NAME = "PhotoScrollerNetwork-iPad";
				TARGETED_DEVICE_FAMILY = 2;
				WRAPPER_EXTENSION = app;
			};
			name = Debug;
		};
		DE3EC2A3151CC50300921348 /* Release */ = {
			isa = XCBuildConfiguration;
			buildSettings = {
				GCC_PRECOMPILE_PREFIX_HEADER = YES;
				GCC_PREFIX_HEADER = "PhotoScrollerNetwork/PhotoScrollerNetwork-Prefix.pch";
				INFOPLIST_FILE = "PhotoScrollerNetwork copy-Info.plist";
				PRODUCT_NAME = "PhotoScrollerNetwork-iPad";
				STRIP_INSTALLED_PRODUCT = YES;
				TARGETED_DEVICE_FAMILY = 2;
				WRAPPER_EXTENSION = app;
			};
			name = Release;
		};
		DE3EC2A4151CC50300921348 /* ReleaseWithAsserts */ = {
			isa = XCBuildConfiguration;
			buildSettings = {
				GCC_PRECOMPILE_PREFIX_HEADER = YES;
				GCC_PREFIX_HEADER = "PhotoScrollerNetwork/PhotoScrollerNetwork-Prefix.pch";
				INFOPLIST_FILE = "PhotoScrollerNetwork copy-Info.plist";
				PRODUCT_NAME = "PhotoScrollerNetwork-iPad";
				TARGETED_DEVICE_FAMILY = 2;
				WRAPPER_EXTENSION = app;
			};
			name = ReleaseWithAsserts;
		};
		DE3EC2D5151CC50D00921348 /* Debug */ = {
			isa = XCBuildConfiguration;
			buildSettings = {
				GCC_PRECOMPILE_PREFIX_HEADER = YES;
				GCC_PREFIX_HEADER = "PhotoScrollerNetwork/PhotoScrollerNetwork-Prefix.pch";
				INFOPLIST_FILE = "PhotoScrollerNetworkTurbo copy-Info.plist";
				LIBRARY_SEARCH_PATHS = "\"$(SRCROOT)/libturbojpeg\"";
				OTHER_CFLAGS = "-DLIBJPEG";
				PRODUCT_NAME = "PhotoScrollerNetworkTurbo-iPad";
				TARGETED_DEVICE_FAMILY = 2;
				USER_HEADER_SEARCH_PATHS = "\"$(SRCROOT)/libturbojpeg\"";
				WRAPPER_EXTENSION = app;
			};
			name = Debug;
		};
		DE3EC2D6151CC50D00921348 /* Release */ = {
			isa = XCBuildConfiguration;
			buildSettings = {
				GCC_PRECOMPILE_PREFIX_HEADER = YES;
				GCC_PREFIX_HEADER = "PhotoScrollerNetwork/PhotoScrollerNetwork-Prefix.pch";
				INFOPLIST_FILE = "PhotoScrollerNetworkTurbo copy-Info.plist";
				LIBRARY_SEARCH_PATHS = "\"$(SRCROOT)/libturbojpeg\"";
				OTHER_CFLAGS = (
					"-DLIBJPEG",
					"-DNS_BLOCK_ASSERTIONS=1",
					"-DNDEBUG",
				);
				PRODUCT_NAME = "PhotoScrollerNetworkTurbo-iPad";
				STRIP_INSTALLED_PRODUCT = YES;
				TARGETED_DEVICE_FAMILY = 2;
				USER_HEADER_SEARCH_PATHS = "\"$(SRCROOT)/libturbojpeg\"";
				WRAPPER_EXTENSION = app;
			};
			name = Release;
		};
		DE3EC2D7151CC50D00921348 /* ReleaseWithAsserts */ = {
			isa = XCBuildConfiguration;
			buildSettings = {
				GCC_PRECOMPILE_PREFIX_HEADER = YES;
				GCC_PREFIX_HEADER = "PhotoScrollerNetwork/PhotoScrollerNetwork-Prefix.pch";
				INFOPLIST_FILE = "PhotoScrollerNetworkTurbo copy-Info.plist";
				LIBRARY_SEARCH_PATHS = "\"$(SRCROOT)/libturbojpeg\"";
				OTHER_CFLAGS = "-DLIBJPEG";
				PRODUCT_NAME = "PhotoScrollerNetworkTurbo-iPad";
				TARGETED_DEVICE_FAMILY = 2;
				USER_HEADER_SEARCH_PATHS = "\"$(SRCROOT)/libturbojpeg\"";
				WRAPPER_EXTENSION = app;
			};
			name = ReleaseWithAsserts;
		};
		DE4AD94914DC783D00D63E5A /* Debug */ = {
			isa = XCBuildConfiguration;
			buildSettings = {
				ALWAYS_SEARCH_USER_PATHS = NO;
				CLANG_ANALYZER_LOCALIZABILITY_NONLOCALIZED = YES;
				CLANG_ENABLE_OBJC_ARC = YES;
				CLANG_WARN_BLOCK_CAPTURE_AUTORELEASING = YES;
				CLANG_WARN_COMMA = YES;
				CLANG_WARN_DEPRECATED_OBJC_IMPLEMENTATIONS = YES;
				CLANG_WARN_EMPTY_BODY = YES;
				CLANG_WARN_INFINITE_RECURSION = YES;
				CLANG_WARN_OBJC_IMPLICIT_RETAIN_SELF = YES;
				CLANG_WARN_RANGE_LOOP_ANALYSIS = YES;
				CLANG_WARN_STRICT_PROTOTYPES = YES;
				CLANG_WARN_SUSPICIOUS_IMPLICIT_CONVERSION = YES;
				CLANG_WARN_SUSPICIOUS_MOVE = YES;
				CLANG_WARN_UNREACHABLE_CODE = YES;
				CLANG_WARN__DUPLICATE_METHOD_MATCH = YES;
				CODE_SIGN_IDENTITY = "iPhone Developer: David Hoerl (CWY66Y6TMU)";
				"CODE_SIGN_IDENTITY[sdk=iphoneos*]" = "iPhone Developer";
				COPY_PHASE_STRIP = NO;
				ENABLE_BITCODE = NO;
				ENABLE_STRICT_OBJC_MSGSEND = YES;
				ENABLE_TESTABILITY = YES;
				GCC_C_LANGUAGE_STANDARD = c99;
				GCC_DYNAMIC_NO_PIC = NO;
				GCC_NO_COMMON_BLOCKS = YES;
				GCC_OPTIMIZATION_LEVEL = 0;
				GCC_PREPROCESSOR_DEFINITIONS = (
					"DEBUG=1",
					"$(inherited)",
				);
				GCC_SYMBOLS_PRIVATE_EXTERN = NO;
				GCC_TREAT_IMPLICIT_FUNCTION_DECLARATIONS_AS_ERRORS = YES;
				GCC_WARN_64_TO_32_BIT_CONVERSION = YES;
				GCC_WARN_ABOUT_MISSING_PROTOTYPES = YES;
				GCC_WARN_ABOUT_RETURN_TYPE = YES;
				GCC_WARN_INITIALIZER_NOT_FULLY_BRACKETED = YES;
				GCC_WARN_SHADOW = YES;
				GCC_WARN_UNDECLARED_SELECTOR = YES;
				GCC_WARN_UNINITIALIZED_AUTOS = YES;
				GCC_WARN_UNUSED_FUNCTION = YES;
				GCC_WARN_UNUSED_VARIABLE = YES;
				IPHONEOS_DEPLOYMENT_TARGET = 8.3;
				ONLY_ACTIVE_ARCH = YES;
				PROVISIONING_PROFILE = "eb094134-29d1-4a96-a3ac-b21fe28d80e3";
				SDKROOT = iphoneos;
				STRIP_INSTALLED_PRODUCT = NO;
			};
			name = Debug;
		};
		DE4AD94A14DC783D00D63E5A /* Release */ = {
			isa = XCBuildConfiguration;
			buildSettings = {
				ALWAYS_SEARCH_USER_PATHS = NO;
				CLANG_ANALYZER_LOCALIZABILITY_NONLOCALIZED = YES;
				CLANG_ENABLE_OBJC_ARC = YES;
				CLANG_WARN_BLOCK_CAPTURE_AUTORELEASING = YES;
				CLANG_WARN_COMMA = YES;
				CLANG_WARN_DEPRECATED_OBJC_IMPLEMENTATIONS = YES;
				CLANG_WARN_EMPTY_BODY = YES;
				CLANG_WARN_INFINITE_RECURSION = YES;
				CLANG_WARN_OBJC_IMPLICIT_RETAIN_SELF = YES;
				CLANG_WARN_RANGE_LOOP_ANALYSIS = YES;
				CLANG_WARN_STRICT_PROTOTYPES = YES;
				CLANG_WARN_SUSPICIOUS_IMPLICIT_CONVERSION = YES;
				CLANG_WARN_SUSPICIOUS_MOVE = YES;
				CLANG_WARN_UNREACHABLE_CODE = YES;
				CLANG_WARN__DUPLICATE_METHOD_MATCH = YES;
				CODE_SIGN_IDENTITY = "iPhone Developer: David Hoerl (CWY66Y6TMU)";
				"CODE_SIGN_IDENTITY[sdk=iphoneos*]" = "iPhone Developer";
				COPY_PHASE_STRIP = YES;
				ENABLE_BITCODE = NO;
				ENABLE_STRICT_OBJC_MSGSEND = YES;
				GCC_C_LANGUAGE_STANDARD = c99;
				GCC_NO_COMMON_BLOCKS = YES;
				GCC_TREAT_IMPLICIT_FUNCTION_DECLARATIONS_AS_ERRORS = YES;
				GCC_WARN_64_TO_32_BIT_CONVERSION = YES;
				GCC_WARN_ABOUT_MISSING_PROTOTYPES = YES;
				GCC_WARN_ABOUT_RETURN_TYPE = YES;
				GCC_WARN_INITIALIZER_NOT_FULLY_BRACKETED = YES;
				GCC_WARN_SHADOW = YES;
				GCC_WARN_UNDECLARED_SELECTOR = YES;
				GCC_WARN_UNINITIALIZED_AUTOS = YES;
				GCC_WARN_UNUSED_FUNCTION = YES;
				GCC_WARN_UNUSED_VARIABLE = YES;
				IPHONEOS_DEPLOYMENT_TARGET = 8.3;
				OTHER_CFLAGS = (
					"-DNS_BLOCK_ASSERTIONS=1",
					"-DNDEBUG",
				);
				PROVISIONING_PROFILE = "eb094134-29d1-4a96-a3ac-b21fe28d80e3";
				SDKROOT = iphoneos;
				VALIDATE_PRODUCT = YES;
			};
			name = Release;
		};
		DE4AD94C14DC783D00D63E5A /* Debug */ = {
			isa = XCBuildConfiguration;
			buildSettings = {
				"CODE_SIGN_IDENTITY[sdk=iphoneos*]" = "iPhone Distribution";
				DEVELOPMENT_TEAM = 2FF6FTW7JA;
				GCC_PRECOMPILE_PREFIX_HEADER = YES;
				GCC_PREFIX_HEADER = "PhotoScrollerNetwork/PhotoScrollerNetwork-Prefix.pch";
				INFOPLIST_FILE = "PhotoScrollerNetwork/PhotoScrollerNetwork-Info.plist";
				PRODUCT_BUNDLE_IDENTIFIER = "company.dfh.${PRODUCT_NAME:rfc1034identifier}";
				PRODUCT_NAME = "$(TARGET_NAME)";
				PROVISIONING_PROFILE = "67b7c285-4302-476b-b71f-5a0bc94619e0";
				PROVISIONING_PROFILE_SPECIFIER = "XC: *";
				WRAPPER_EXTENSION = app;
			};
			name = Debug;
		};
		DE4AD94D14DC783D00D63E5A /* Release */ = {
			isa = XCBuildConfiguration;
			buildSettings = {
				"CODE_SIGN_IDENTITY[sdk=iphoneos*]" = "iPhone Distribution";
				DEVELOPMENT_TEAM = 2FF6FTW7JA;
				GCC_PRECOMPILE_PREFIX_HEADER = YES;
				GCC_PREFIX_HEADER = "PhotoScrollerNetwork/PhotoScrollerNetwork-Prefix.pch";
				INFOPLIST_FILE = "PhotoScrollerNetwork/PhotoScrollerNetwork-Info.plist";
				PRODUCT_BUNDLE_IDENTIFIER = "company.dfh.${PRODUCT_NAME:rfc1034identifier}";
				PRODUCT_NAME = "$(TARGET_NAME)";
				PROVISIONING_PROFILE = "67b7c285-4302-476b-b71f-5a0bc94619e0";
				PROVISIONING_PROFILE_SPECIFIER = "XC: *";
				STRIP_INSTALLED_PRODUCT = YES;
				WRAPPER_EXTENSION = app;
			};
			name = Release;
		};
		DE4ADA4414E1A56500D63E5A /* Debug */ = {
			isa = XCBuildConfiguration;
			buildSettings = {
				DEVELOPMENT_TEAM = 748Z47NBAH;
				GCC_PRECOMPILE_PREFIX_HEADER = YES;
				GCC_PREFIX_HEADER = "PhotoScrollerNetwork/PhotoScrollerNetwork-Prefix.pch";
				INFOPLIST_FILE = "PhotoScrollerNetwork/PhotoScrollerNetwork-Info.plist";
				LIBRARY_SEARCH_PATHS = "\"$(SRCROOT)/libturbojpeg\"";
				OTHER_CFLAGS = "-DLIBJPEG";
				PRODUCT_BUNDLE_IDENTIFIER = "company.dfh.${PRODUCT_NAME:rfc1034identifier}";
				PRODUCT_NAME = PhotoScrollerNetworkTurbo;
				PROVISIONING_PROFILE = "babf49df-e2de-41df-83f5-b624ef40f2e9";
				PROVISIONING_PROFILE_SPECIFIER = "Private Wild Card";
				USER_HEADER_SEARCH_PATHS = "\"$(SRCROOT)/libturbojpeg\"";
				WRAPPER_EXTENSION = app;
			};
			name = Debug;
		};
		DE4ADA4514E1A56500D63E5A /* Release */ = {
			isa = XCBuildConfiguration;
			buildSettings = {
				DEVELOPMENT_TEAM = 748Z47NBAH;
				GCC_PRECOMPILE_PREFIX_HEADER = YES;
				GCC_PREFIX_HEADER = "PhotoScrollerNetwork/PhotoScrollerNetwork-Prefix.pch";
				INFOPLIST_FILE = "PhotoScrollerNetwork/PhotoScrollerNetwork-Info.plist";
				LIBRARY_SEARCH_PATHS = "\"$(SRCROOT)/libturbojpeg\"";
				OTHER_CFLAGS = (
					"-DLIBJPEG",
					"-DNS_BLOCK_ASSERTIONS=1",
					"-DNDEBUG",
				);
				PRODUCT_BUNDLE_IDENTIFIER = "company.dfh.${PRODUCT_NAME:rfc1034identifier}";
				PRODUCT_NAME = PhotoScrollerNetworkTurbo;
				PROVISIONING_PROFILE = "babf49df-e2de-41df-83f5-b624ef40f2e9";
				PROVISIONING_PROFILE_SPECIFIER = "Private Wild Card";
				STRIP_INSTALLED_PRODUCT = YES;
				USER_HEADER_SEARCH_PATHS = "\"$(SRCROOT)/libturbojpeg\"";
				WRAPPER_EXTENSION = app;
			};
			name = Release;
		};
		DE588D5E14E81ABA00C7E151 /* ReleaseWithAsserts */ = {
			isa = XCBuildConfiguration;
			buildSettings = {
				ALWAYS_SEARCH_USER_PATHS = NO;
				CLANG_ANALYZER_LOCALIZABILITY_NONLOCALIZED = YES;
				CLANG_ENABLE_OBJC_ARC = YES;
				CLANG_WARN_BLOCK_CAPTURE_AUTORELEASING = YES;
				CLANG_WARN_COMMA = YES;
				CLANG_WARN_DEPRECATED_OBJC_IMPLEMENTATIONS = YES;
				CLANG_WARN_EMPTY_BODY = YES;
				CLANG_WARN_INFINITE_RECURSION = YES;
				CLANG_WARN_OBJC_IMPLICIT_RETAIN_SELF = YES;
				CLANG_WARN_RANGE_LOOP_ANALYSIS = YES;
				CLANG_WARN_STRICT_PROTOTYPES = YES;
				CLANG_WARN_SUSPICIOUS_IMPLICIT_CONVERSION = YES;
				CLANG_WARN_SUSPICIOUS_MOVE = YES;
				CLANG_WARN_UNREACHABLE_CODE = YES;
				CLANG_WARN__DUPLICATE_METHOD_MATCH = YES;
				CODE_SIGN_IDENTITY = "iPhone Developer: David Hoerl (CWY66Y6TMU)";
				"CODE_SIGN_IDENTITY[sdk=iphoneos*]" = "iPhone Developer";
				COPY_PHASE_STRIP = NO;
				ENABLE_BITCODE = NO;
				ENABLE_STRICT_OBJC_MSGSEND = YES;
				GCC_C_LANGUAGE_STANDARD = c99;
				GCC_NO_COMMON_BLOCKS = YES;
				GCC_TREAT_IMPLICIT_FUNCTION_DECLARATIONS_AS_ERRORS = YES;
				GCC_WARN_64_TO_32_BIT_CONVERSION = YES;
				GCC_WARN_ABOUT_MISSING_PROTOTYPES = YES;
				GCC_WARN_ABOUT_RETURN_TYPE = YES;
				GCC_WARN_INITIALIZER_NOT_FULLY_BRACKETED = YES;
				GCC_WARN_SHADOW = YES;
				GCC_WARN_UNDECLARED_SELECTOR = YES;
				GCC_WARN_UNINITIALIZED_AUTOS = YES;
				GCC_WARN_UNUSED_FUNCTION = YES;
				GCC_WARN_UNUSED_VARIABLE = YES;
				IPHONEOS_DEPLOYMENT_TARGET = 8.3;
				OTHER_CFLAGS = "";
				PROVISIONING_PROFILE = "eb094134-29d1-4a96-a3ac-b21fe28d80e3";
				"PROVISIONING_PROFILE[sdk=iphoneos*]" = "";
				SDKROOT = iphoneos;
				STRIP_INSTALLED_PRODUCT = NO;
				VALIDATE_PRODUCT = YES;
			};
			name = ReleaseWithAsserts;
		};
		DE588D5F14E81ABA00C7E151 /* ReleaseWithAsserts */ = {
			isa = XCBuildConfiguration;
			buildSettings = {
				GCC_PRECOMPILE_PREFIX_HEADER = YES;
				GCC_PREFIX_HEADER = "PhotoScrollerNetwork/PhotoScrollerNetwork-Prefix.pch";
				INFOPLIST_FILE = "PhotoScrollerNetwork/PhotoScrollerNetwork-Info.plist";
				PRODUCT_BUNDLE_IDENTIFIER = "company.dfh.${PRODUCT_NAME:rfc1034identifier}";
				PRODUCT_NAME = "$(TARGET_NAME)";
				WRAPPER_EXTENSION = app;
			};
			name = ReleaseWithAsserts;
		};
		DE588D6014E81ABA00C7E151 /* ReleaseWithAsserts */ = {
			isa = XCBuildConfiguration;
			buildSettings = {
				DEVELOPMENT_TEAM = 748Z47NBAH;
				GCC_PRECOMPILE_PREFIX_HEADER = YES;
				GCC_PREFIX_HEADER = "PhotoScrollerNetwork/PhotoScrollerNetwork-Prefix.pch";
				INFOPLIST_FILE = "PhotoScrollerNetwork/PhotoScrollerNetwork-Info.plist";
				LIBRARY_SEARCH_PATHS = "\"$(SRCROOT)/libturbojpeg\"";
				OTHER_CFLAGS = "-DLIBJPEG";
				PRODUCT_BUNDLE_IDENTIFIER = "company.dfh.${PRODUCT_NAME:rfc1034identifier}";
				PRODUCT_NAME = PhotoScrollerNetworkTurbo;
				PROVISIONING_PROFILE = "babf49df-e2de-41df-83f5-b624ef40f2e9";
				PROVISIONING_PROFILE_SPECIFIER = "Private Wild Card";
				USER_HEADER_SEARCH_PATHS = "\"$(SRCROOT)/libturbojpeg\"";
				WRAPPER_EXTENSION = app;
			};
			name = ReleaseWithAsserts;
		};
/* End XCBuildConfiguration section */

/* Begin XCConfigurationList section */
		DE3EC2A1151CC50300921348 /* Build configuration list for PBXNativeTarget "PhotoScrollerNetwork-iPad" */ = {
			isa = XCConfigurationList;
			buildConfigurations = (
				DE3EC2A2151CC50300921348 /* Debug */,
				DE3EC2A3151CC50300921348 /* Release */,
				DE3EC2A4151CC50300921348 /* ReleaseWithAsserts */,
			);
			defaultConfigurationIsVisible = 0;
			defaultConfigurationName = Release;
		};
		DE3EC2D4151CC50D00921348 /* Build configuration list for PBXNativeTarget "PhotoScrollerNetworkTurbo-iPad" */ = {
			isa = XCConfigurationList;
			buildConfigurations = (
				DE3EC2D5151CC50D00921348 /* Debug */,
				DE3EC2D6151CC50D00921348 /* Release */,
				DE3EC2D7151CC50D00921348 /* ReleaseWithAsserts */,
			);
			defaultConfigurationIsVisible = 0;
			defaultConfigurationName = Release;
		};
		DE4AD92714DC783D00D63E5A /* Build configuration list for PBXProject "PhotoScrollerNetwork" */ = {
			isa = XCConfigurationList;
			buildConfigurations = (
				DE4AD94914DC783D00D63E5A /* Debug */,
				DE4AD94A14DC783D00D63E5A /* Release */,
				DE588D5E14E81ABA00C7E151 /* ReleaseWithAsserts */,
			);
			defaultConfigurationIsVisible = 0;
			defaultConfigurationName = Release;
		};
		DE4AD94B14DC783D00D63E5A /* Build configuration list for PBXNativeTarget "PhotoScrollerNetwork" */ = {
			isa = XCConfigurationList;
			buildConfigurations = (
				DE4AD94C14DC783D00D63E5A /* Debug */,
				DE4AD94D14DC783D00D63E5A /* Release */,
				DE588D5F14E81ABA00C7E151 /* ReleaseWithAsserts */,
			);
			defaultConfigurationIsVisible = 0;
			defaultConfigurationName = Release;
		};
		DE4ADA4314E1A56500D63E5A /* Build configuration list for PBXNativeTarget "PhotoScrollerNetworkTurbo" */ = {
			isa = XCConfigurationList;
			buildConfigurations = (
				DE4ADA4414E1A56500D63E5A /* Debug */,
				DE4ADA4514E1A56500D63E5A /* Release */,
				DE588D6014E81ABA00C7E151 /* ReleaseWithAsserts */,
			);
			defaultConfigurationIsVisible = 0;
			defaultConfigurationName = Release;
		};
/* End XCConfigurationList section */
	};
	rootObject = DE4AD92414DC783D00D63E5A /* Project object */;
}
